<?xml version="1.0" encoding="utf-8"?>
<Project ToolsVersion="4.0" xmlns="http://schemas.microsoft.com/developer/msbuild/2003">
  <ItemGroup>
    <Filter Include="GameCamera">
      <UniqueIdentifier>{5e7f6221-913a-48ee-b329-8fd562142414}</UniqueIdentifier>
    </Filter>
    <Filter Include="GameScene">
      <UniqueIdentifier>{c018063f-362e-455a-b703-5ee9f36614c5}</UniqueIdentifier>
    </Filter>
    <Filter Include="SceneRenderer">
      <UniqueIdentifier>{db721fcd-ceff-4cd9-a32b-270fe5962598}</UniqueIdentifier>
    </Filter>
    <Filter Include="Installing">
      <UniqueIdentifier>{cdcca7f6-4464-4278-868b-565d27c7f123}</UniqueIdentifier>
    </Filter>
    <Filter Include="ErrorCodes">
      <UniqueIdentifier>{8adaacc5-f416-4fdd-a6e9-b658a472858d}</UniqueIdentifier>
    </Filter>
    <Filter Include="Avatar">
      <UniqueIdentifier>{c176b552-2eb2-4c1b-9f38-e703032731f3}</UniqueIdentifier>
    </Filter>
    <Filter Include="AnimationClipMap">
      <UniqueIdentifier>{baf8fe26-9bde-4139-94fc-b5f9cb28df7b}</UniqueIdentifier>
    </Filter>
    <Filter Include="AnimatedPawn">
      <UniqueIdentifier>{9919acf8-edc1-4f47-9131-808aecf2a4ea}</UniqueIdentifier>
    </Filter>
    <Filter Include="GameLight">
      <UniqueIdentifier>{acd01389-1167-4bae-a9c9-096e06ead723}</UniqueIdentifier>
    </Filter>
    <Filter Include="DeferredRenderer">
      <UniqueIdentifier>{fdeae38d-0251-4410-b7e3-bb9e97e894a7}</UniqueIdentifier>
    </Filter>
  </ItemGroup>
  <ItemGroup>
    <ClInclude Include="$(MSBuildThisFileDirectory)..\GameCameraService.h">
      <Filter>GameCamera</Filter>
    </ClInclude>
    <ClInclude Include="$(MSBuildThisFileDirectory)..\GameCameraEvents.h">
      <Filter>GameCamera</Filter>
    </ClInclude>
    <ClInclude Include="$(MSBuildThisFileDirectory)..\GameSceneService.h">
      <Filter>GameScene</Filter>
    </ClInclude>
    <ClInclude Include="$(MSBuildThisFileDirectory)..\GameSceneEvents.h">
      <Filter>GameScene</Filter>
    </ClInclude>
    <ClInclude Include="$(MSBuildThisFileDirectory)..\SceneRendererService.h">
      <Filter>SceneRenderer</Filter>
    </ClInclude>
    <ClInclude Include="$(MSBuildThisFileDirectory)..\GameCommonInstallingPolicies.h">
      <Filter>Installing</Filter>
    </ClInclude>
    <ClInclude Include="$(MSBuildThisFileDirectory)..\SceneRendererInstallingPolicy.h">
      <Filter>Installing</Filter>
    </ClInclude>
    <ClInclude Include="$(MSBuildThisFileDirectory)..\GameCommonErrors.h">
      <Filter>ErrorCodes</Filter>
    </ClInclude>
    <ClInclude Include="$(MSBuildThisFileDirectory)..\AvatarRecipes.h">
      <Filter>Avatar</Filter>
    </ClInclude>
    <ClInclude Include="$(MSBuildThisFileDirectory)..\AnimationClipMap.h">
      <Filter>AnimationClipMap</Filter>
    </ClInclude>
    <ClInclude Include="$(MSBuildThisFileDirectory)..\AvatarRecipeDto.h">
      <Filter>Avatar</Filter>
    </ClInclude>
    <ClInclude Include="$(MSBuildThisFileDirectory)..\AnimationClipMapDto.h">
      <Filter>AnimationClipMap</Filter>
    </ClInclude>
    <ClInclude Include="$(MSBuildThisFileDirectory)..\AnimatedPawn.h">
      <Filter>AnimatedPawn</Filter>
    </ClInclude>
    <ClInclude Include="$(MSBuildThisFileDirectory)..\AnimatedPawnDto.h">
      <Filter>AnimatedPawn</Filter>
    </ClInclude>
    <ClInclude Include="$(MSBuildThisFileDirectory)..\AnimationClipMapEvents.h">
      <Filter>AnimationClipMap</Filter>
    </ClInclude>
    <ClInclude Include="$(MSBuildThisFileDirectory)..\GameLightService.h">
      <Filter>GameLight</Filter>
    </ClInclude>
    <ClInclude Include="$(MSBuildThisFileDirectory)..\GameLightCommands.h">
      <Filter>GameLight</Filter>
    </ClInclude>
    <ClInclude Include="$(MSBuildThisFileDirectory)..\DeferredRendererService.h">
      <Filter>DeferredRenderer</Filter>
    </ClInclude>
    <ClInclude Include="$(MSBuildThisFileDirectory)..\LightVolumePawn.h">
      <Filter>DeferredRenderer</Filter>
    </ClInclude>
    <ClInclude Include="$(MSBuildThisFileDirectory)..\DeferredRendererServiceConfiguration.h">
      <Filter>DeferredRenderer</Filter>
    </ClInclude>
    <ClInclude Include="$(MSBuildThisFileDirectory)..\SceneRendererServiceConfiguration.h">
      <Filter>SceneRenderer</Filter>
    </ClInclude>
    <ClInclude Include="$(MSBuildThisFileDirectory)..\GameSceneCommands.h">
      <Filter>GameScene</Filter>
    </ClInclude>
  </ItemGroup>
  <ItemGroup>
    <ClCompile Include="$(MSBuildThisFileDirectory)..\GameCameraService.cpp">
      <Filter>GameCamera</Filter>
    </ClCompile>
    <ClCompile Include="$(MSBuildThisFileDirectory)..\GameSceneService.cpp">
      <Filter>GameScene</Filter>
    </ClCompile>
    <ClCompile Include="$(MSBuildThisFileDirectory)..\SceneRendererService.cpp">
      <Filter>SceneRenderer</Filter>
    </ClCompile>
    <ClCompile Include="$(MSBuildThisFileDirectory)..\GameCommonInstallingPolicies.cpp">
      <Filter>Installing</Filter>
    </ClCompile>
    <ClCompile Include="$(MSBuildThisFileDirectory)..\SceneRendererInstallingPolicy.cpp">
      <Filter>Installing</Filter>
    </ClCompile>
    <ClCompile Include="$(MSBuildThisFileDirectory)..\GameCommonErrors.cpp">
      <Filter>ErrorCodes</Filter>
    </ClCompile>
    <ClCompile Include="$(MSBuildThisFileDirectory)..\AvatarRecipies.cpp">
      <Filter>Avatar</Filter>
    </ClCompile>
    <ClCompile Include="$(MSBuildThisFileDirectory)..\AnimationClipMap.cpp">
      <Filter>AnimationClipMap</Filter>
    </ClCompile>
    <ClCompile Include="$(MSBuildThisFileDirectory)..\AvatarRecipeDto.cpp">
      <Filter>Avatar</Filter>
    </ClCompile>
    <ClCompile Include="$(MSBuildThisFileDirectory)..\AnimationClipMapDto.cpp">
      <Filter>AnimationClipMap</Filter>
    </ClCompile>
    <ClCompile Include="$(MSBuildThisFileDirectory)..\AnimatedPawn.cpp">
      <Filter>AnimatedPawn</Filter>
    </ClCompile>
    <ClCompile Include="$(MSBuildThisFileDirectory)..\AnimatedPawnDto.cpp">
      <Filter>AnimatedPawn</Filter>
    </ClCompile>
    <ClCompile Include="$(MSBuildThisFileDirectory)..\GameLightService.cpp">
      <Filter>GameLight</Filter>
    </ClCompile>
    <ClCompile Include="$(MSBuildThisFileDirectory)..\DeferredRendererService.cpp">
      <Filter>DeferredRenderer</Filter>
    </ClCompile>
    <ClCompile Include="$(MSBuildThisFileDirectory)..\LightVolumePawn.cpp">
      <Filter>DeferredRenderer</Filter>
    </ClCompile>
    <ClCompile Include="$(MSBuildThisFileDirectory)..\DeferredRendererServiceConfiguration.cpp">
      <Filter>DeferredRenderer</Filter>
    </ClCompile>
    <ClCompile Include="$(MSBuildThisFileDirectory)..\SceneRendererServiceConfiguration.cpp">
      <Filter>SceneRenderer</Filter>
    </ClCompile>
  </ItemGroup>
</Project>