<?xml version="1.0" encoding="utf-8"?>
<Project ToolsVersion="4.0" xmlns="http://schemas.microsoft.com/developer/msbuild/2003">
  <ItemGroup>
    <Filter Include="Error Codes">
      <UniqueIdentifier>{b5084566-9087-4140-9244-72e7b8463804}</UniqueIdentifier>
    </Filter>
    <Filter Include="Events">
      <UniqueIdentifier>{9dfda7b0-36c4-4ff6-9aed-96ec854e83ae}</UniqueIdentifier>
    </Filter>
    <Filter Include="Commands">
      <UniqueIdentifier>{6d23edce-f35a-4ed6-9773-32bf1337250f}</UniqueIdentifier>
    </Filter>
    <Filter Include="Shader">
      <UniqueIdentifier>{1ea8e655-aa8f-4eb5-b7f5-3f64f2b362b9}</UniqueIdentifier>
    </Filter>
    <Filter Include="RenderBuffer">
      <UniqueIdentifier>{83e02320-ffe0-4c8b-a507-91cfb214206b}</UniqueIdentifier>
    </Filter>
    <Filter Include="Effect Material">
      <UniqueIdentifier>{540ce2b4-1148-460f-a414-5991d811c4be}</UniqueIdentifier>
    </Filter>
    <Filter Include="Effect Material\Technique Pass">
      <UniqueIdentifier>{3fab46e9-f3f8-4e2b-b31c-41fb9dd17f98}</UniqueIdentifier>
    </Filter>
    <Filter Include="Effect Material\Effect Compiler">
      <UniqueIdentifier>{87b312cc-22e3-4fb6-93b8-c2b39ba2e375}</UniqueIdentifier>
    </Filter>
    <Filter Include="RenderBuffer\BufferBuilder">
      <UniqueIdentifier>{deed8b56-b9cb-4947-981a-d040a23952fc}</UniqueIdentifier>
    </Filter>
    <Filter Include="Textures">
      <UniqueIdentifier>{b518f495-c218-4b5c-8e5c-5b7ae1e47f41}</UniqueIdentifier>
    </Filter>
    <Filter Include="Bounding Volume">
      <UniqueIdentifier>{e8a3956f-5637-4dd2-b8c3-00c9db3ea8ef}</UniqueIdentifier>
    </Filter>
    <Filter Include="Bounding Volume\Implementing">
      <UniqueIdentifier>{785fed8a-f44b-4e98-b211-4377f5b8624b}</UniqueIdentifier>
    </Filter>
    <Filter Include="Primitive">
      <UniqueIdentifier>{380d5092-147a-44f8-990a-8023f1ec3ece}</UniqueIdentifier>
    </Filter>
    <Filter Include="Renderer Interface States">
      <UniqueIdentifier>{e9bc4d0b-ae44-42f0-8b61-88dba61954e6}</UniqueIdentifier>
    </Filter>
    <Filter Include="Contracts">
      <UniqueIdentifier>{af865989-8dc0-4335-b4a6-8358606c2268}</UniqueIdentifier>
    </Filter>
    <Filter Include="Contracts\BV Contract">
      <UniqueIdentifier>{bf6a8ffe-9f5c-49ec-8e80-832da6a2fdf5}</UniqueIdentifier>
    </Filter>
    <Filter Include="Contracts\Geometry Contract">
      <UniqueIdentifier>{1b22230c-2658-4a18-bcba-ded60c5bbd5f}</UniqueIdentifier>
    </Filter>
    <Filter Include="Geometry Repository">
      <UniqueIdentifier>{a1a7b622-6eb9-4187-a2fd-1ed4ac1333b9}</UniqueIdentifier>
    </Filter>
    <Filter Include="Geometry Repository\Geometry Datas">
      <UniqueIdentifier>{f0f85a76-37c8-4177-9009-85996962e2cc}</UniqueIdentifier>
    </Filter>
    <Filter Include="Geometry Repository\Geometry Datas\Policy">
      <UniqueIdentifier>{108a32c0-3939-481c-a9c3-84d22d345a4a}</UniqueIdentifier>
    </Filter>
  </ItemGroup>
  <ItemGroup>
    <ClInclude Include="$(MSBuildThisFileDirectory)..\EngineErrors.h">
      <Filter>Error Codes</Filter>
    </ClInclude>
    <ClInclude Include="$(MSBuildThisFileDirectory)..\ShaderRepository.h">
      <Filter>Shader</Filter>
    </ClInclude>
    <ClInclude Include="$(MSBuildThisFileDirectory)..\ShaderBuilder.h">
      <Filter>Shader</Filter>
    </ClInclude>
    <ClInclude Include="$(MSBuildThisFileDirectory)..\ShaderEvents.h">
      <Filter>Events</Filter>
    </ClInclude>
    <ClInclude Include="$(MSBuildThisFileDirectory)..\ShaderCommands.h">
      <Filter>Commands</Filter>
    </ClInclude>
    <ClInclude Include="$(MSBuildThisFileDirectory)..\ShaderBuildingPolicies.h">
      <Filter>Shader</Filter>
    </ClInclude>
    <ClInclude Include="$(MSBuildThisFileDirectory)..\RenderBufferSignature.h">
      <Filter>RenderBuffer</Filter>
    </ClInclude>
    <ClInclude Include="$(MSBuildThisFileDirectory)..\EffectMaterial.h">
      <Filter>Effect Material</Filter>
    </ClInclude>
    <ClInclude Include="$(MSBuildThisFileDirectory)..\EffectMaterialSource.h">
      <Filter>Effect Material</Filter>
    </ClInclude>
    <ClInclude Include="$(MSBuildThisFileDirectory)..\EffectPass.h">
      <Filter>Effect Material\Technique Pass</Filter>
    </ClInclude>
    <ClInclude Include="$(MSBuildThisFileDirectory)..\EffectTechnique.h">
      <Filter>Effect Material\Technique Pass</Filter>
    </ClInclude>
    <ClInclude Include="$(MSBuildThisFileDirectory)..\EffectVariable.h">
      <Filter>Effect Material\Technique Pass</Filter>
    </ClInclude>
    <ClInclude Include="$(MSBuildThisFileDirectory)..\EffectCompilingPolicies.h">
      <Filter>Effect Material\Effect Compiler</Filter>
    </ClInclude>
    <ClInclude Include="$(MSBuildThisFileDirectory)..\EffectCompiler.h">
      <Filter>Effect Material\Effect Compiler</Filter>
    </ClInclude>
    <ClInclude Include="$(MSBuildThisFileDirectory)..\EffectEvents.h">
      <Filter>Events</Filter>
    </ClInclude>
    <ClInclude Include="$(MSBuildThisFileDirectory)..\EffectMaterialManager.h">
      <Filter>Effect Material</Filter>
    </ClInclude>
    <ClInclude Include="$(MSBuildThisFileDirectory)..\RenderBuffer.h">
      <Filter>RenderBuffer</Filter>
    </ClInclude>
    <ClInclude Include="$(MSBuildThisFileDirectory)..\GeometrySegment.h">
      <Filter>Geometry Repository\Geometry Datas</Filter>
    </ClInclude>
    <ClInclude Include="$(MSBuildThisFileDirectory)..\RenderBufferRepository.h">
      <Filter>RenderBuffer</Filter>
    </ClInclude>
    <ClInclude Include="$(MSBuildThisFileDirectory)..\RenderBufferBuildingPolicies.h">
      <Filter>RenderBuffer\BufferBuilder</Filter>
    </ClInclude>
    <ClInclude Include="$(MSBuildThisFileDirectory)..\RenderBufferBuilder.h">
      <Filter>RenderBuffer\BufferBuilder</Filter>
    </ClInclude>
    <ClInclude Include="$(MSBuildThisFileDirectory)..\RenderBufferEvents.h">
      <Filter>Events</Filter>
    </ClInclude>
    <ClInclude Include="$(MSBuildThisFileDirectory)..\RenderBufferCommands.h">
      <Filter>Commands</Filter>
    </ClInclude>
    <ClInclude Include="$(MSBuildThisFileDirectory)..\Texture.h">
      <Filter>Textures</Filter>
    </ClInclude>
    <ClInclude Include="$(MSBuildThisFileDirectory)..\TextureLoader.h">
      <Filter>Textures</Filter>
    </ClInclude>
    <ClInclude Include="$(MSBuildThisFileDirectory)..\TextureRepository.h">
      <Filter>Textures</Filter>
    </ClInclude>
    <ClInclude Include="$(MSBuildThisFileDirectory)..\TextureLoadingPolicies.h">
      <Filter>Textures</Filter>
    </ClInclude>
    <ClInclude Include="$(MSBuildThisFileDirectory)..\TextureEvents.h">
      <Filter>Events</Filter>
    </ClInclude>
    <ClInclude Include="$(MSBuildThisFileDirectory)..\TextureCommands.h">
      <Filter>Commands</Filter>
    </ClInclude>
    <ClInclude Include="$(MSBuildThisFileDirectory)..\BoundingVolume.h">
      <Filter>Bounding Volume</Filter>
    </ClInclude>
    <ClInclude Include="$(MSBuildThisFileDirectory)..\BoxBV.h">
      <Filter>Bounding Volume\Implementing</Filter>
    </ClInclude>
    <ClInclude Include="$(MSBuildThisFileDirectory)..\GenericBV.h">
      <Filter>Bounding Volume\Implementing</Filter>
    </ClInclude>
    <ClInclude Include="$(MSBuildThisFileDirectory)..\SphereBV.h">
      <Filter>Bounding Volume\Implementing</Filter>
    </ClInclude>
    <ClInclude Include="$(MSBuildThisFileDirectory)..\IRenderer.h">
      <Filter>Renderer Interface States</Filter>
    </ClInclude>
    <ClInclude Include="$(MSBuildThisFileDirectory)..\Primitive.h">
      <Filter>Primitive</Filter>
    </ClInclude>
    <ClInclude Include="$(MSBuildThisFileDirectory)..\RenderLightingState.h">
      <Filter>Renderer Interface States</Filter>
    </ClInclude>
    <ClInclude Include="$(MSBuildThisFileDirectory)..\MaterialVariableMap.h">
      <Filter>Effect Material</Filter>
    </ClInclude>
    <ClInclude Include="$(MSBuildThisFileDirectory)..\Contract.h">
      <Filter>Contracts</Filter>
    </ClInclude>
    <ClInclude Include="$(MSBuildThisFileDirectory)..\ContractedFactories.h">
      <Filter>Contracts</Filter>
    </ClInclude>
    <ClInclude Include="$(MSBuildThisFileDirectory)..\FactoryDesc.h">
      <Filter>Contracts</Filter>
    </ClInclude>
    <ClInclude Include="$(MSBuildThisFileDirectory)..\BoundingVolumeContract.h">
      <Filter>Contracts\BV Contract</Filter>
    </ClInclude>
    <ClInclude Include="$(MSBuildThisFileDirectory)..\ContractCommands.h">
      <Filter>Commands</Filter>
    </ClInclude>
    <ClInclude Include="$(MSBuildThisFileDirectory)..\LinkageResolver.h">
      <Filter>Contracts</Filter>
    </ClInclude>
    <ClInclude Include="$(MSBuildThisFileDirectory)..\GeometryData.h">
      <Filter>Geometry Repository\Geometry Datas</Filter>
    </ClInclude>
    <ClInclude Include="$(MSBuildThisFileDirectory)..\GeometryDataContract.h">
      <Filter>Contracts\Geometry Contract</Filter>
    </ClInclude>
    <ClInclude Include="$(MSBuildThisFileDirectory)..\TriangleList.h">
      <Filter>Geometry Repository\Geometry Datas</Filter>
    </ClInclude>
    <ClInclude Include="$(MSBuildThisFileDirectory)..\GeometryRepository.h">
      <Filter>Geometry Repository</Filter>
    </ClInclude>
    <ClInclude Include="$(MSBuildThisFileDirectory)..\GeometryDataPolicy.h">
      <Filter>Geometry Repository\Geometry Datas\Policy</Filter>
    </ClInclude>
    <ClInclude Include="$(MSBuildThisFileDirectory)..\ContractDeserializer.h">
      <Filter>Contracts</Filter>
    </ClInclude>
    <ClInclude Include="$(MSBuildThisFileDirectory)..\GeometryDataEvents.h">
      <Filter>Events</Filter>
    </ClInclude>
    <ClInclude Include="$(MSBuildThisFileDirectory)..\GeometryBuilder.h">
      <Filter>Geometry Repository</Filter>
    </ClInclude>
    <ClInclude Include="$(MSBuildThisFileDirectory)..\ContractEvents.h">
      <Filter>Events</Filter>
    </ClInclude>
  </ItemGroup>
  <ItemGroup>
    <ClCompile Include="$(MSBuildThisFileDirectory)..\EngineErrors.cpp">
      <Filter>Error Codes</Filter>
    </ClCompile>
    <ClCompile Include="$(MSBuildThisFileDirectory)..\ShaderRepository.cpp">
      <Filter>Shader</Filter>
    </ClCompile>
    <ClCompile Include="$(MSBuildThisFileDirectory)..\ShaderBuilder.cpp">
      <Filter>Shader</Filter>
    </ClCompile>
    <ClCompile Include="$(MSBuildThisFileDirectory)..\RenderBufferSignature.cpp">
      <Filter>RenderBuffer</Filter>
    </ClCompile>
    <ClCompile Include="$(MSBuildThisFileDirectory)..\EffectMaterial.cpp">
      <Filter>Effect Material</Filter>
    </ClCompile>
    <ClCompile Include="$(MSBuildThisFileDirectory)..\EffectMaterialSource.cpp">
      <Filter>Effect Material</Filter>
    </ClCompile>
    <ClCompile Include="$(MSBuildThisFileDirectory)..\EffectPass.cpp">
      <Filter>Effect Material\Technique Pass</Filter>
    </ClCompile>
    <ClCompile Include="$(MSBuildThisFileDirectory)..\EffectTechnique.cpp">
      <Filter>Effect Material\Technique Pass</Filter>
    </ClCompile>
    <ClCompile Include="$(MSBuildThisFileDirectory)..\EffectVariable.cpp">
      <Filter>Effect Material\Technique Pass</Filter>
    </ClCompile>
    <ClCompile Include="$(MSBuildThisFileDirectory)..\EffectCompiler.cpp">
      <Filter>Effect Material\Effect Compiler</Filter>
    </ClCompile>
    <ClCompile Include="$(MSBuildThisFileDirectory)..\EffectCompilingPolicies.cpp">
      <Filter>Effect Material\Effect Compiler</Filter>
    </ClCompile>
    <ClCompile Include="$(MSBuildThisFileDirectory)..\EffectMaterialManager.cpp">
      <Filter>Effect Material</Filter>
    </ClCompile>
    <ClCompile Include="$(MSBuildThisFileDirectory)..\RenderBuffer.cpp">
      <Filter>RenderBuffer</Filter>
    </ClCompile>
    <ClCompile Include="$(MSBuildThisFileDirectory)..\RenderBufferRepository.cpp">
      <Filter>RenderBuffer</Filter>
    </ClCompile>
    <ClCompile Include="$(MSBuildThisFileDirectory)..\RenderBufferBuilder.cpp">
      <Filter>RenderBuffer\BufferBuilder</Filter>
    </ClCompile>
    <ClCompile Include="$(MSBuildThisFileDirectory)..\Texture.cpp">
      <Filter>Textures</Filter>
    </ClCompile>
    <ClCompile Include="$(MSBuildThisFileDirectory)..\TextureLoader.cpp">
      <Filter>Textures</Filter>
    </ClCompile>
    <ClCompile Include="$(MSBuildThisFileDirectory)..\TextureRepository.cpp">
      <Filter>Textures</Filter>
    </ClCompile>
    <ClCompile Include="$(MSBuildThisFileDirectory)..\BoundingVolume.cpp">
      <Filter>Bounding Volume</Filter>
    </ClCompile>
    <ClCompile Include="$(MSBuildThisFileDirectory)..\BoxBV.cpp">
      <Filter>Bounding Volume\Implementing</Filter>
    </ClCompile>
    <ClCompile Include="$(MSBuildThisFileDirectory)..\GenericBV.cpp">
      <Filter>Bounding Volume\Implementing</Filter>
    </ClCompile>
    <ClCompile Include="$(MSBuildThisFileDirectory)..\SphereBV.cpp">
      <Filter>Bounding Volume\Implementing</Filter>
    </ClCompile>
    <ClCompile Include="$(MSBuildThisFileDirectory)..\Primitive.cpp">
      <Filter>Primitive</Filter>
    </ClCompile>
    <ClCompile Include="$(MSBuildThisFileDirectory)..\RenderLightingState.cpp">
      <Filter>Renderer Interface States</Filter>
    </ClCompile>
    <ClCompile Include="$(MSBuildThisFileDirectory)..\MaterialVariableMap.cpp">
      <Filter>Effect Material</Filter>
    </ClCompile>
    <ClCompile Include="$(MSBuildThisFileDirectory)..\Contract.cpp">
      <Filter>Contracts</Filter>
    </ClCompile>
    <ClCompile Include="$(MSBuildThisFileDirectory)..\ContractedFactories.cpp">
      <Filter>Contracts</Filter>
    </ClCompile>
    <ClCompile Include="$(MSBuildThisFileDirectory)..\BoundingVolumeContract.cpp">
      <Filter>Contracts\BV Contract</Filter>
    </ClCompile>
    <ClCompile Include="$(MSBuildThisFileDirectory)..\GeometryData.cpp">
      <Filter>Geometry Repository\Geometry Datas</Filter>
    </ClCompile>
    <ClCompile Include="$(MSBuildThisFileDirectory)..\GeometryDataContract.cpp">
      <Filter>Contracts\Geometry Contract</Filter>
    </ClCompile>
    <ClCompile Include="$(MSBuildThisFileDirectory)..\TriangleList.cpp">
      <Filter>Geometry Repository\Geometry Datas</Filter>
    </ClCompile>
    <ClCompile Include="$(MSBuildThisFileDirectory)..\GeometryRepository.cpp">
      <Filter>Geometry Repository</Filter>
    </ClCompile>
    <ClCompile Include="$(MSBuildThisFileDirectory)..\FactoryDesc.cpp">
      <Filter>Contracts</Filter>
    </ClCompile>
    <ClCompile Include="$(MSBuildThisFileDirectory)..\GeometryBuilder.cpp">
      <Filter>Geometry Repository</Filter>
    </ClCompile>
  </ItemGroup>
</Project>