<?xml version="1.0" encoding="utf-8"?>
<Project ToolsVersion="4.0" xmlns="http://schemas.microsoft.com/developer/msbuild/2003">
  <ItemGroup>
    <Filter Include="Scene Graph Errors">
      <UniqueIdentifier>{b60ba73c-4987-47ae-9ddc-c73a2fbf7d7b}</UniqueIdentifier>
    </Filter>
    <Filter Include="Scene Traveler">
      <UniqueIdentifier>{a612705c-1d5b-4847-b7d6-a6dda06d0ff7}</UniqueIdentifier>
    </Filter>
    <Filter Include="Camera and Frustum">
      <UniqueIdentifier>{e61c19a1-1f54-412e-a197-5a674eb21f28}</UniqueIdentifier>
    </Filter>
    <Filter Include="Repository">
      <UniqueIdentifier>{68e2350b-9531-4107-96e4-7fdcd2308f71}</UniqueIdentifier>
    </Filter>
    <Filter Include="Cullers">
      <UniqueIdentifier>{388f366a-7ed3-4c06-9c41-a0c84abf2abd}</UniqueIdentifier>
    </Filter>
    <Filter Include="Events">
      <UniqueIdentifier>{5cfd4ff6-f389-40d8-8586-5ff1103a2059}</UniqueIdentifier>
    </Filter>
    <Filter Include="Commands">
      <UniqueIdentifier>{7f26edff-9dd0-4f4b-bb08-6864c8bd9b46}</UniqueIdentifier>
    </Filter>
    <Filter Include="Portal System">
      <UniqueIdentifier>{979f42de-ba0c-49b5-a048-e13b8fd593cb}</UniqueIdentifier>
    </Filter>
    <Filter Include="Visibilities">
      <UniqueIdentifier>{91848c0a-c165-4152-9490-3558f3e042e8}</UniqueIdentifier>
    </Filter>
    <Filter Include="Portal System\Dtos">
      <UniqueIdentifier>{06aaa09e-d052-45ed-8dde-145f70ebfb2a}</UniqueIdentifier>
    </Filter>
    <Filter Include="Installing">
      <UniqueIdentifier>{8cf6c686-c6e8-43fb-831a-333a82d058ef}</UniqueIdentifier>
    </Filter>
    <Filter Include="Queries">
      <UniqueIdentifier>{1afd4c29-661a-4759-b666-b605a72f0cac}</UniqueIdentifier>
    </Filter>
    <Filter Include="Repository\StoreMapper">
      <UniqueIdentifier>{227981a7-1c6e-4575-af21-6bf16d55db5d}</UniqueIdentifier>
    </Filter>
    <Filter Include="DTO &amp; Assemblers">
      <UniqueIdentifier>{2e119933-502e-48d9-b642-a1d9450a14cf}</UniqueIdentifier>
    </Filter>
    <Filter Include="Lazy Node Hydration">
      <UniqueIdentifier>{4e37e94c-8b2a-49e1-adcf-8d4049626af6}</UniqueIdentifier>
    </Filter>
    <Filter Include="Scene Graph">
      <UniqueIdentifier>{a7fe7513-103c-4f54-9e89-709da1138a37}</UniqueIdentifier>
    </Filter>
    <Filter Include="Spatial">
      <UniqueIdentifier>{87f32871-2883-4a67-aa50-4872c8b6f4c1}</UniqueIdentifier>
    </Filter>
    <Filter Include="Spatial\LightInfo">
      <UniqueIdentifier>{a324eb2b-2215-44f4-9ee8-09f24c4b48af}</UniqueIdentifier>
    </Filter>
  </ItemGroup>
  <ItemGroup>
    <ClInclude Include="$(MSBuildThisFileDirectory)..\SceneGraphErrors.h">
      <Filter>Scene Graph Errors</Filter>
    </ClInclude>
    <ClInclude Include="$(MSBuildThisFileDirectory)..\SceneTraveler.h">
      <Filter>Scene Traveler</Filter>
    </ClInclude>
    <ClInclude Include="$(MSBuildThisFileDirectory)..\Frustum.h">
      <Filter>Camera and Frustum</Filter>
    </ClInclude>
    <ClInclude Include="$(MSBuildThisFileDirectory)..\SceneGraphRepository.h">
      <Filter>Repository</Filter>
    </ClInclude>
    <ClInclude Include="$(MSBuildThisFileDirectory)..\Camera.h">
      <Filter>Camera and Frustum</Filter>
    </ClInclude>
    <ClInclude Include="$(MSBuildThisFileDirectory)..\SceneGraphDefines.h">
      <Filter>Repository</Filter>
    </ClInclude>
    <ClInclude Include="$(MSBuildThisFileDirectory)..\Culler.h">
      <Filter>Cullers</Filter>
    </ClInclude>
    <ClInclude Include="$(MSBuildThisFileDirectory)..\VisibleSet.h">
      <Filter>Cullers</Filter>
    </ClInclude>
    <ClInclude Include="$(MSBuildThisFileDirectory)..\SceneGraphEvents.h">
      <Filter>Events</Filter>
    </ClInclude>
    <ClInclude Include="$(MSBuildThisFileDirectory)..\LightInfo.h">
      <Filter>Spatial\LightInfo</Filter>
    </ClInclude>
    <ClInclude Include="$(MSBuildThisFileDirectory)..\LightInfoTraversal.h">
      <Filter>Spatial\LightInfo</Filter>
    </ClInclude>
    <ClInclude Include="$(MSBuildThisFileDirectory)..\SpatialLightInfoQuery.h">
      <Filter>Spatial\LightInfo</Filter>
    </ClInclude>
    <ClInclude Include="$(MSBuildThisFileDirectory)..\SceneFlattenTraversal.h">
      <Filter>Scene Traveler</Filter>
    </ClInclude>
    <ClInclude Include="$(MSBuildThisFileDirectory)..\SceneGraphDtos.h">
      <Filter>DTO &amp; Assemblers</Filter>
    </ClInclude>
    <ClInclude Include="$(MSBuildThisFileDirectory)..\SceneGraphCommands.h">
      <Filter>Commands</Filter>
    </ClInclude>
    <ClInclude Include="$(MSBuildThisFileDirectory)..\LightDtos.h">
      <Filter>DTO &amp; Assemblers</Filter>
    </ClInclude>
    <ClInclude Include="$(MSBuildThisFileDirectory)..\CameraDtos.h">
      <Filter>DTO &amp; Assemblers</Filter>
    </ClInclude>
    <ClInclude Include="$(MSBuildThisFileDirectory)..\LazyNodeHydrationService.h">
      <Filter>Lazy Node Hydration</Filter>
    </ClInclude>
    <ClInclude Include="$(MSBuildThisFileDirectory)..\VisibilityManagedNode.h">
      <Filter>Visibilities</Filter>
    </ClInclude>
    <ClInclude Include="$(MSBuildThisFileDirectory)..\PortalZoneNode.h">
      <Filter>Portal System</Filter>
    </ClInclude>
    <ClInclude Include="$(MSBuildThisFileDirectory)..\PortalDtos.h">
      <Filter>Portal System\Dtos</Filter>
    </ClInclude>
    <ClInclude Include="$(MSBuildThisFileDirectory)..\Portal.h">
      <Filter>Portal System</Filter>
    </ClInclude>
    <ClInclude Include="$(MSBuildThisFileDirectory)..\PortalManagementNode.h">
      <Filter>Portal System</Filter>
    </ClInclude>
    <ClInclude Include="$(MSBuildThisFileDirectory)..\ContainingPortalZoneFinder.h">
      <Filter>Portal System</Filter>
    </ClInclude>
    <ClInclude Include="$(MSBuildThisFileDirectory)..\CameraFrustumEvents.h">
      <Filter>Events</Filter>
    </ClInclude>
    <ClInclude Include="$(MSBuildThisFileDirectory)..\FindSpatialById.h">
      <Filter>Scene Traveler</Filter>
    </ClInclude>
    <ClInclude Include="$(MSBuildThisFileDirectory)..\SceneGraphInstallingPolicy.h">
      <Filter>Installing</Filter>
    </ClInclude>
    <ClInclude Include="$(MSBuildThisFileDirectory)..\SceneGraphAssemblers.h">
      <Filter>DTO &amp; Assemblers</Filter>
    </ClInclude>
    <ClInclude Include="$(MSBuildThisFileDirectory)..\PortalCommands.h">
      <Filter>Commands</Filter>
    </ClInclude>
    <ClInclude Include="$(MSBuildThisFileDirectory)..\EnumDerivedSpatials.h">
      <Filter>Scene Traveler</Filter>
    </ClInclude>
    <ClInclude Include="$(MSBuildThisFileDirectory)..\EnumNonDerivedSpatials.h">
      <Filter>Scene Traveler</Filter>
    </ClInclude>
    <ClInclude Include="$(MSBuildThisFileDirectory)..\CameraFrustumCommands.h">
      <Filter>Commands</Filter>
    </ClInclude>
    <ClInclude Include="$(MSBuildThisFileDirectory)..\SceneGraphQueries.h">
      <Filter>Queries</Filter>
    </ClInclude>
    <ClInclude Include="$(MSBuildThisFileDirectory)..\LazyNode.h">
      <Filter>Spatial</Filter>
    </ClInclude>
    <ClInclude Include="$(MSBuildThisFileDirectory)..\Light.h">
      <Filter>Spatial</Filter>
    </ClInclude>
    <ClInclude Include="$(MSBuildThisFileDirectory)..\Node.h">
      <Filter>Spatial</Filter>
    </ClInclude>
    <ClInclude Include="$(MSBuildThisFileDirectory)..\Pawn.h">
      <Filter>Spatial</Filter>
    </ClInclude>
    <ClInclude Include="$(MSBuildThisFileDirectory)..\Spatial.h">
      <Filter>Spatial</Filter>
    </ClInclude>
    <ClInclude Include="$(MSBuildThisFileDirectory)..\SpatialRenderState.h">
      <Filter>Spatial</Filter>
    </ClInclude>
    <ClInclude Include="$(MSBuildThisFileDirectory)..\SceneNonLazyFlattenTraversal.h">
      <Filter>Scene Traveler</Filter>
    </ClInclude>
    <ClInclude Include="$(MSBuildThisFileDirectory)..\SpatialId.h">
      <Filter>Repository</Filter>
    </ClInclude>
    <ClInclude Include="$(MSBuildThisFileDirectory)..\SceneGraphStoreMapper.h">
      <Filter>Repository\StoreMapper</Filter>
    </ClInclude>
    <ClInclude Include="$(MSBuildThisFileDirectory)..\SceneGraphFactory.h">
      <Filter>Repository</Filter>
    </ClInclude>
    <ClInclude Include="$(MSBuildThisFileDirectory)..\SceneGraphPersistenceLevel.h">
      <Filter>Repository</Filter>
    </ClInclude>
    <ClInclude Include="$(MSBuildThisFileDirectory)..\NodalSceneGraph.h">
      <Filter>Scene Graph</Filter>
    </ClInclude>
    <ClInclude Include="$(MSBuildThisFileDirectory)..\SceneGraph.h">
      <Filter>Scene Graph</Filter>
    </ClInclude>
    <ClInclude Include="$(MSBuildThisFileDirectory)..\PortalSceneGraph.h">
      <Filter>Scene Graph</Filter>
    </ClInclude>
    <ClInclude Include="$(MSBuildThisFileDirectory)..\SceneGraphFactoryDelegate.h">
      <Filter>Repository</Filter>
    </ClInclude>
    <ClInclude Include="$(MSBuildThisFileDirectory)..\CameraAssemblers.h">
      <Filter>DTO &amp; Assemblers</Filter>
    </ClInclude>
    <ClInclude Include="$(MSBuildThisFileDirectory)..\SpatialDto.h">
      <Filter>DTO &amp; Assemblers</Filter>
    </ClInclude>
    <ClInclude Include="$(MSBuildThisFileDirectory)..\SpatialAssembler.h">
      <Filter>DTO &amp; Assemblers</Filter>
    </ClInclude>
    <ClInclude Include="$(MSBuildThisFileDirectory)..\PortalAssemblers.h">
      <Filter>Portal System\Dtos</Filter>
    </ClInclude>
    <ClInclude Include="$(MSBuildThisFileDirectory)..\LightAssemblers.h">
      <Filter>DTO &amp; Assemblers</Filter>
    </ClInclude>
    <ClInclude Include="$(MSBuildThisFileDirectory)..\LightEvents.h">
      <Filter>Events</Filter>
    </ClInclude>
    <ClInclude Include="$(MSBuildThisFileDirectory)..\LightCommands.h">
      <Filter>Commands</Filter>
    </ClInclude>
  </ItemGroup>
  <ItemGroup>
    <ClCompile Include="$(MSBuildThisFileDirectory)..\SceneGraphErrors.cpp">
      <Filter>Scene Graph Errors</Filter>
    </ClCompile>
    <ClCompile Include="$(MSBuildThisFileDirectory)..\Frustum.cpp">
      <Filter>Camera and Frustum</Filter>
    </ClCompile>
    <ClCompile Include="$(MSBuildThisFileDirectory)..\SceneGraphRepository.cpp">
      <Filter>Repository</Filter>
    </ClCompile>
    <ClCompile Include="$(MSBuildThisFileDirectory)..\Camera.cpp">
      <Filter>Camera and Frustum</Filter>
    </ClCompile>
    <ClCompile Include="$(MSBuildThisFileDirectory)..\Culler.cpp">
      <Filter>Cullers</Filter>
    </ClCompile>
    <ClCompile Include="$(MSBuildThisFileDirectory)..\VisibleSet.cpp">
      <Filter>Cullers</Filter>
    </ClCompile>
    <ClCompile Include="$(MSBuildThisFileDirectory)..\LightInfo.cpp">
      <Filter>Spatial\LightInfo</Filter>
    </ClCompile>
    <ClCompile Include="$(MSBuildThisFileDirectory)..\LightInfoTraversal.cpp">
      <Filter>Spatial\LightInfo</Filter>
    </ClCompile>
    <ClCompile Include="$(MSBuildThisFileDirectory)..\SpatialLightInfoQuery.cpp">
      <Filter>Spatial\LightInfo</Filter>
    </ClCompile>
    <ClCompile Include="$(MSBuildThisFileDirectory)..\SceneFlattenTraversal.cpp">
      <Filter>Scene Traveler</Filter>
    </ClCompile>
    <ClCompile Include="$(MSBuildThisFileDirectory)..\SceneGraphDtos.cpp">
      <Filter>DTO &amp; Assemblers</Filter>
    </ClCompile>
    <ClCompile Include="$(MSBuildThisFileDirectory)..\LightDtos.cpp">
      <Filter>DTO &amp; Assemblers</Filter>
    </ClCompile>
    <ClCompile Include="$(MSBuildThisFileDirectory)..\CameraDtos.cpp">
      <Filter>DTO &amp; Assemblers</Filter>
    </ClCompile>
    <ClCompile Include="$(MSBuildThisFileDirectory)..\LazyNodeHydrationService.cpp">
      <Filter>Lazy Node Hydration</Filter>
    </ClCompile>
    <ClCompile Include="$(MSBuildThisFileDirectory)..\VisibilityManagedNode.cpp">
      <Filter>Visibilities</Filter>
    </ClCompile>
    <ClCompile Include="$(MSBuildThisFileDirectory)..\PortalZoneNode.cpp">
      <Filter>Portal System</Filter>
    </ClCompile>
    <ClCompile Include="$(MSBuildThisFileDirectory)..\PortalDtos.cpp">
      <Filter>Portal System\Dtos</Filter>
    </ClCompile>
    <ClCompile Include="$(MSBuildThisFileDirectory)..\Portal.cpp">
      <Filter>Portal System</Filter>
    </ClCompile>
    <ClCompile Include="$(MSBuildThisFileDirectory)..\PortalManagementNode.cpp">
      <Filter>Portal System</Filter>
    </ClCompile>
    <ClCompile Include="$(MSBuildThisFileDirectory)..\ContainingPortalZoneFinder.cpp">
      <Filter>Portal System</Filter>
    </ClCompile>
    <ClCompile Include="$(MSBuildThisFileDirectory)..\FindSpatialById.cpp">
      <Filter>Scene Traveler</Filter>
    </ClCompile>
    <ClCompile Include="$(MSBuildThisFileDirectory)..\SceneGraphInstallingPolicy.cpp">
      <Filter>Installing</Filter>
    </ClCompile>
    <ClCompile Include="$(MSBuildThisFileDirectory)..\SceneGraphAssemblers.cpp">
      <Filter>DTO &amp; Assemblers</Filter>
    </ClCompile>
    <ClCompile Include="$(MSBuildThisFileDirectory)..\EnumDerivedSpatials.cpp">
      <Filter>Scene Traveler</Filter>
    </ClCompile>
    <ClCompile Include="$(MSBuildThisFileDirectory)..\EnumNonDerivedSpatials.cpp">
      <Filter>Scene Traveler</Filter>
    </ClCompile>
    <ClCompile Include="$(MSBuildThisFileDirectory)..\LazyNode.cpp">
      <Filter>Spatial</Filter>
    </ClCompile>
    <ClCompile Include="$(MSBuildThisFileDirectory)..\Light.cpp">
      <Filter>Spatial</Filter>
    </ClCompile>
    <ClCompile Include="$(MSBuildThisFileDirectory)..\Node.cpp">
      <Filter>Spatial</Filter>
    </ClCompile>
    <ClCompile Include="$(MSBuildThisFileDirectory)..\Pawn.cpp">
      <Filter>Spatial</Filter>
    </ClCompile>
    <ClCompile Include="$(MSBuildThisFileDirectory)..\Spatial.cpp">
      <Filter>Spatial</Filter>
    </ClCompile>
    <ClCompile Include="$(MSBuildThisFileDirectory)..\SceneNonLazyFlattenTraversal.cpp">
      <Filter>Scene Traveler</Filter>
    </ClCompile>
    <ClCompile Include="$(MSBuildThisFileDirectory)..\SpatialId.cpp">
      <Filter>Repository</Filter>
    </ClCompile>
    <ClCompile Include="$(MSBuildThisFileDirectory)..\SceneGraphFactory.cpp">
      <Filter>Repository</Filter>
    </ClCompile>
    <ClCompile Include="$(MSBuildThisFileDirectory)..\SceneGraphCommands.cpp">
      <Filter>Commands</Filter>
    </ClCompile>
    <ClCompile Include="$(MSBuildThisFileDirectory)..\NodalSceneGraph.cpp">
      <Filter>Scene Graph</Filter>
    </ClCompile>
    <ClCompile Include="$(MSBuildThisFileDirectory)..\SceneGraph.cpp">
      <Filter>Scene Graph</Filter>
    </ClCompile>
    <ClCompile Include="$(MSBuildThisFileDirectory)..\PortalSceneGraph.cpp">
      <Filter>Scene Graph</Filter>
    </ClCompile>
    <ClCompile Include="$(MSBuildThisFileDirectory)..\CameraAssemblers.cpp">
      <Filter>DTO &amp; Assemblers</Filter>
    </ClCompile>
    <ClCompile Include="$(MSBuildThisFileDirectory)..\SpatialDto.cpp">
      <Filter>DTO &amp; Assemblers</Filter>
    </ClCompile>
    <ClCompile Include="$(MSBuildThisFileDirectory)..\SpatialAssembler.cpp">
      <Filter>DTO &amp; Assemblers</Filter>
    </ClCompile>
    <ClCompile Include="$(MSBuildThisFileDirectory)..\PortalAssemblers.cpp">
      <Filter>Portal System\Dtos</Filter>
    </ClCompile>
    <ClCompile Include="$(MSBuildThisFileDirectory)..\LightAssemblers.cpp">
      <Filter>DTO &amp; Assemblers</Filter>
    </ClCompile>
    <ClCompile Include="$(MSBuildThisFileDirectory)..\LightCommands.cpp">
      <Filter>Commands</Filter>
    </ClCompile>
  </ItemGroup>
</Project>