<?xml version="1.0" encoding="utf-8"?>
<Project ToolsVersion="4.0" xmlns="http://schemas.microsoft.com/developer/msbuild/2003">
  <ItemGroup>
    <Filter Include="Scene Graph Errors">
      <UniqueIdentifier>{b60ba73c-4987-47ae-9ddc-c73a2fbf7d7b}</UniqueIdentifier>
    </Filter>
    <Filter Include="Scene Graph">
      <UniqueIdentifier>{87f32871-2883-4a67-aa50-4872c8b6f4c1}</UniqueIdentifier>
    </Filter>
    <Filter Include="Scene Traveler">
      <UniqueIdentifier>{a612705c-1d5b-4847-b7d6-a6dda06d0ff7}</UniqueIdentifier>
    </Filter>
    <Filter Include="Camera and Frustum">
      <UniqueIdentifier>{e61c19a1-1f54-412e-a197-5a674eb21f28}</UniqueIdentifier>
    </Filter>
    <Filter Include="Repository">
      <UniqueIdentifier>{68e2350b-9531-4107-96e4-7fdcd2308f71}</UniqueIdentifier>
    </Filter>
    <Filter Include="Cullers">
      <UniqueIdentifier>{388f366a-7ed3-4c06-9c41-a0c84abf2abd}</UniqueIdentifier>
    </Filter>
    <Filter Include="Events">
      <UniqueIdentifier>{5cfd4ff6-f389-40d8-8586-5ff1103a2059}</UniqueIdentifier>
    </Filter>
    <Filter Include="Scene Graph\LightInfo">
      <UniqueIdentifier>{a324eb2b-2215-44f4-9ee8-09f24c4b48af}</UniqueIdentifier>
    </Filter>
    <Filter Include="Repository\Builder">
      <UniqueIdentifier>{a4c9c21b-20e1-4560-9e29-10b0d82bcae5}</UniqueIdentifier>
    </Filter>
    <Filter Include="Commands">
      <UniqueIdentifier>{7f26edff-9dd0-4f4b-bb08-6864c8bd9b46}</UniqueIdentifier>
    </Filter>
    <Filter Include="DTO &amp; Policies">
      <UniqueIdentifier>{2e119933-502e-48d9-b642-a1d9450a14cf}</UniqueIdentifier>
    </Filter>
    <Filter Include="Portal System">
      <UniqueIdentifier>{979f42de-ba0c-49b5-a048-e13b8fd593cb}</UniqueIdentifier>
    </Filter>
    <Filter Include="Lazy Node IO">
      <UniqueIdentifier>{4e37e94c-8b2a-49e1-adcf-8d4049626af6}</UniqueIdentifier>
    </Filter>
  </ItemGroup>
  <ItemGroup>
    <ClInclude Include="$(MSBuildThisFileDirectory)..\SceneGraphErrors.h">
      <Filter>Scene Graph Errors</Filter>
    </ClInclude>
    <ClInclude Include="$(MSBuildThisFileDirectory)..\Spatial.h">
      <Filter>Scene Graph</Filter>
    </ClInclude>
    <ClInclude Include="$(MSBuildThisFileDirectory)..\SceneTraveler.h">
      <Filter>Scene Traveler</Filter>
    </ClInclude>
    <ClInclude Include="$(MSBuildThisFileDirectory)..\Node.h">
      <Filter>Scene Graph</Filter>
    </ClInclude>
    <ClInclude Include="$(MSBuildThisFileDirectory)..\Frustum.h">
      <Filter>Camera and Frustum</Filter>
    </ClInclude>
    <ClInclude Include="$(MSBuildThisFileDirectory)..\SceneGraphRepository.h">
      <Filter>Repository</Filter>
    </ClInclude>
    <ClInclude Include="$(MSBuildThisFileDirectory)..\Camera.h">
      <Filter>Camera and Frustum</Filter>
    </ClInclude>
    <ClInclude Include="$(MSBuildThisFileDirectory)..\SceneGraphDefines.h">
      <Filter>Repository</Filter>
    </ClInclude>
    <ClInclude Include="$(MSBuildThisFileDirectory)..\Culler.h">
      <Filter>Cullers</Filter>
    </ClInclude>
    <ClInclude Include="$(MSBuildThisFileDirectory)..\VisibleSet.h">
      <Filter>Cullers</Filter>
    </ClInclude>
    <ClInclude Include="$(MSBuildThisFileDirectory)..\SceneGraphEvents.h">
      <Filter>Events</Filter>
    </ClInclude>
    <ClInclude Include="$(MSBuildThisFileDirectory)..\Pawn.h">
      <Filter>Scene Graph</Filter>
    </ClInclude>
    <ClInclude Include="$(MSBuildThisFileDirectory)..\SpatialRenderState.h">
      <Filter>Scene Graph</Filter>
    </ClInclude>
    <ClInclude Include="$(MSBuildThisFileDirectory)..\LightInfo.h">
      <Filter>Scene Graph\LightInfo</Filter>
    </ClInclude>
    <ClInclude Include="$(MSBuildThisFileDirectory)..\Light.h">
      <Filter>Scene Graph</Filter>
    </ClInclude>
    <ClInclude Include="$(MSBuildThisFileDirectory)..\LightInfoTraversal.h">
      <Filter>Scene Graph\LightInfo</Filter>
    </ClInclude>
    <ClInclude Include="$(MSBuildThisFileDirectory)..\SpatialLightInfoQuery.h">
      <Filter>Scene Graph\LightInfo</Filter>
    </ClInclude>
    <ClInclude Include="$(MSBuildThisFileDirectory)..\SceneFlattenTraversal.h">
      <Filter>Scene Traveler</Filter>
    </ClInclude>
    <ClInclude Include="$(MSBuildThisFileDirectory)..\SceneGraphDtos.h">
      <Filter>DTO &amp; Policies</Filter>
    </ClInclude>
    <ClInclude Include="$(MSBuildThisFileDirectory)..\SpatialLinkageResolver.h">
      <Filter>Repository</Filter>
    </ClInclude>
    <ClInclude Include="$(MSBuildThisFileDirectory)..\SceneGraphBuilder.h">
      <Filter>Repository\Builder</Filter>
    </ClInclude>
    <ClInclude Include="$(MSBuildThisFileDirectory)..\SceneGraphCommands.h">
      <Filter>Commands</Filter>
    </ClInclude>
    <ClInclude Include="$(MSBuildThisFileDirectory)..\LightInfoDtos.h">
      <Filter>DTO &amp; Policies</Filter>
    </ClInclude>
    <ClInclude Include="$(MSBuildThisFileDirectory)..\CameraFrustumDtos.h">
      <Filter>DTO &amp; Policies</Filter>
    </ClInclude>
    <ClInclude Include="$(MSBuildThisFileDirectory)..\SceneGraphPolicies.h">
      <Filter>DTO &amp; Policies</Filter>
    </ClInclude>
    <ClInclude Include="$(MSBuildThisFileDirectory)..\LazyNode.h">
      <Filter>Scene Graph</Filter>
    </ClInclude>
    <ClInclude Include="$(MSBuildThisFileDirectory)..\LazyNodeIOService.h">
      <Filter>Lazy Node IO</Filter>
    </ClInclude>
  </ItemGroup>
  <ItemGroup>
    <ClCompile Include="$(MSBuildThisFileDirectory)..\SceneGraphErrors.cpp">
      <Filter>Scene Graph Errors</Filter>
    </ClCompile>
    <ClCompile Include="$(MSBuildThisFileDirectory)..\Spatial.cpp">
      <Filter>Scene Graph</Filter>
    </ClCompile>
    <ClCompile Include="$(MSBuildThisFileDirectory)..\Node.cpp">
      <Filter>Scene Graph</Filter>
    </ClCompile>
    <ClCompile Include="$(MSBuildThisFileDirectory)..\Frustum.cpp">
      <Filter>Camera and Frustum</Filter>
    </ClCompile>
    <ClCompile Include="$(MSBuildThisFileDirectory)..\SceneGraphRepository.cpp">
      <Filter>Repository</Filter>
    </ClCompile>
    <ClCompile Include="$(MSBuildThisFileDirectory)..\Camera.cpp">
      <Filter>Camera and Frustum</Filter>
    </ClCompile>
    <ClCompile Include="$(MSBuildThisFileDirectory)..\Culler.cpp">
      <Filter>Cullers</Filter>
    </ClCompile>
    <ClCompile Include="$(MSBuildThisFileDirectory)..\VisibleSet.cpp">
      <Filter>Cullers</Filter>
    </ClCompile>
    <ClCompile Include="$(MSBuildThisFileDirectory)..\Pawn.cpp">
      <Filter>Scene Graph</Filter>
    </ClCompile>
    <ClCompile Include="$(MSBuildThisFileDirectory)..\SpatialRenderState.cpp">
      <Filter>Scene Graph</Filter>
    </ClCompile>
    <ClCompile Include="$(MSBuildThisFileDirectory)..\LightInfo.cpp">
      <Filter>Scene Graph\LightInfo</Filter>
    </ClCompile>
    <ClCompile Include="$(MSBuildThisFileDirectory)..\Light.cpp">
      <Filter>Scene Graph</Filter>
    </ClCompile>
    <ClCompile Include="$(MSBuildThisFileDirectory)..\LightInfoTraversal.cpp">
      <Filter>Scene Graph\LightInfo</Filter>
    </ClCompile>
    <ClCompile Include="$(MSBuildThisFileDirectory)..\SpatialLightInfoQuery.cpp">
      <Filter>Scene Graph\LightInfo</Filter>
    </ClCompile>
    <ClCompile Include="$(MSBuildThisFileDirectory)..\SceneFlattenTraversal.cpp">
      <Filter>Scene Traveler</Filter>
    </ClCompile>
    <ClCompile Include="$(MSBuildThisFileDirectory)..\SceneGraphDtos.cpp">
      <Filter>DTO &amp; Policies</Filter>
    </ClCompile>
    <ClCompile Include="$(MSBuildThisFileDirectory)..\SpatialLinkageResolver.cpp">
      <Filter>Repository</Filter>
    </ClCompile>
    <ClCompile Include="$(MSBuildThisFileDirectory)..\SceneGraphBuilder.cpp">
      <Filter>Repository\Builder</Filter>
    </ClCompile>
    <ClCompile Include="$(MSBuildThisFileDirectory)..\LightInfoDtos.cpp">
      <Filter>DTO &amp; Policies</Filter>
    </ClCompile>
    <ClCompile Include="$(MSBuildThisFileDirectory)..\CameraFrustumDtos.cpp">
      <Filter>DTO &amp; Policies</Filter>
    </ClCompile>
    <ClCompile Include="$(MSBuildThisFileDirectory)..\SceneGraphPolicies.cpp">
      <Filter>DTO &amp; Policies</Filter>
    </ClCompile>
    <ClCompile Include="$(MSBuildThisFileDirectory)..\LazyNode.cpp">
      <Filter>Scene Graph</Filter>
    </ClCompile>
    <ClCompile Include="$(MSBuildThisFileDirectory)..\LazyNodeIOService.cpp">
      <Filter>Lazy Node IO</Filter>
    </ClCompile>
  </ItemGroup>
</Project>