<?xml version="1.0" encoding="utf-8"?>
<Project ToolsVersion="4.0" xmlns="http://schemas.microsoft.com/developer/msbuild/2003">
  <ItemGroup>
    <Filter Include="Events">
      <UniqueIdentifier>{10d6fda1-4564-4d0d-a4c5-35276d7df534}</UniqueIdentifier>
    </Filter>
    <Filter Include="Inputs">
      <UniqueIdentifier>{0666f287-0dc2-43d2-b16d-e914e30b0745}</UniqueIdentifier>
    </Filter>
    <Filter Include="Installing">
      <UniqueIdentifier>{6bd24a99-2bbb-4cb9-b0fb-f79fe0cd9880}</UniqueIdentifier>
    </Filter>
  </ItemGroup>
  <ItemGroup>
    <ClInclude Include="$(MSBuildThisFileDirectory)..\WinKeyboardInputEvents.h">
      <Filter>Events</Filter>
    </ClInclude>
    <ClInclude Include="$(MSBuildThisFileDirectory)..\MouseKeyButtons.h">
      <Filter>Inputs</Filter>
    </ClInclude>
    <ClInclude Include="$(MSBuildThisFileDirectory)..\MouseInputEvents.h">
      <Filter>Events</Filter>
    </ClInclude>
    <ClInclude Include="$(MSBuildThisFileDirectory)..\GestureInputEvents.h">
      <Filter>Events</Filter>
    </ClInclude>
    <ClInclude Include="$(MSBuildThisFileDirectory)..\PadTextEditingEvents.h">
      <Filter>Events</Filter>
    </ClInclude>
    <ClInclude Include="$(MSBuildThisFileDirectory)..\GestureThreshold.h">
      <Filter>Inputs</Filter>
    </ClInclude>
    <ClInclude Include="$(MSBuildThisFileDirectory)..\InputHandlerService.h">
      <Filter>Inputs</Filter>
    </ClInclude>
    <ClInclude Include="$(MSBuildThisFileDirectory)..\InputHandlerInstallingPolicy.h">
      <Filter>Installing</Filter>
    </ClInclude>
  </ItemGroup>
  <ItemGroup>
    <ClCompile Include="$(MSBuildThisFileDirectory)..\InputHandlerService.cpp">
      <Filter>Inputs</Filter>
    </ClCompile>
    <ClCompile Include="$(MSBuildThisFileDirectory)..\InputHandlerInstallingPolicy.cpp">
      <Filter>Installing</Filter>
    </ClCompile>
  </ItemGroup>
</Project>