<?xml version="1.0" encoding="utf-8"?>
<Project ToolsVersion="4.0" xmlns="http://schemas.microsoft.com/developer/msbuild/2003">
  <ItemGroup>
    <Filter Include="Renderer">
      <UniqueIdentifier>{fc1e9717-66af-4f4f-b4b8-3210e989f1ce}</UniqueIdentifier>
    </Filter>
    <Filter Include="Error Codes">
      <UniqueIdentifier>{bbb0e33f-916e-454e-b4d5-7eff55752ecf}</UniqueIdentifier>
    </Filter>
    <Filter Include="Render Target">
      <UniqueIdentifier>{d5c09afe-47f1-43df-8e17-b0032fe1a0c8}</UniqueIdentifier>
    </Filter>
    <Filter Include="Render Packs">
      <UniqueIdentifier>{249a22d1-8c85-45f8-aa95-bcc5461bbea1}</UniqueIdentifier>
    </Filter>
    <Filter Include="Renderable Primitives">
      <UniqueIdentifier>{112fa852-2d10-4574-9862-87b2d961cb25}</UniqueIdentifier>
    </Filter>
    <Filter Include="Renderable Primitives\Mesh">
      <UniqueIdentifier>{f58e3171-484c-4e29-a7e1-23d120c5324f}</UniqueIdentifier>
    </Filter>
    <Filter Include="Renderable Primitives\Policies">
      <UniqueIdentifier>{c48db79f-e678-409e-8ee7-f146eebb23b5}</UniqueIdentifier>
    </Filter>
    <Filter Include="Renderable Primitives\Model">
      <UniqueIdentifier>{15df78de-5dd8-4106-b161-e4ab7b64c103}</UniqueIdentifier>
    </Filter>
    <Filter Include="Renderable Primitives\Dtos">
      <UniqueIdentifier>{0ea6b75e-f5d9-43ef-a09b-c432743bac74}</UniqueIdentifier>
    </Filter>
    <Filter Include="Renderable Primitives\Builders">
      <UniqueIdentifier>{09448a4b-37e5-47fa-a6f9-d9fbc6706c79}</UniqueIdentifier>
    </Filter>
    <Filter Include="Renderable Primitives\Skin Mesh">
      <UniqueIdentifier>{e291082e-92ce-4840-90d3-fd21d298b2f0}</UniqueIdentifier>
    </Filter>
    <Filter Include="Communicatios">
      <UniqueIdentifier>{3d0986fe-5f53-41e3-9304-5b82b093f4fa}</UniqueIdentifier>
    </Filter>
    <Filter Include="Installing">
      <UniqueIdentifier>{5d4c5d57-c9e4-49a9-b825-7cd36a651139}</UniqueIdentifier>
    </Filter>
  </ItemGroup>
  <ItemGroup>
    <ClInclude Include="$(MSBuildThisFileDirectory)..\RendererCommands.h">
      <Filter>Communicatios</Filter>
    </ClInclude>
    <ClInclude Include="$(MSBuildThisFileDirectory)..\RendererEvents.h">
      <Filter>Communicatios</Filter>
    </ClInclude>
    <ClInclude Include="$(MSBuildThisFileDirectory)..\RendererManager.h">
      <Filter>Renderer</Filter>
    </ClInclude>
    <ClInclude Include="$(MSBuildThisFileDirectory)..\RendererErrors.h">
      <Filter>Error Codes</Filter>
    </ClInclude>
    <ClInclude Include="$(MSBuildThisFileDirectory)..\RenderTarget.h">
      <Filter>Render Target</Filter>
    </ClInclude>
    <ClInclude Include="$(MSBuildThisFileDirectory)..\RenderElement.h">
      <Filter>Render Packs</Filter>
    </ClInclude>
    <ClInclude Include="$(MSBuildThisFileDirectory)..\RenderPack.h">
      <Filter>Render Packs</Filter>
    </ClInclude>
    <ClInclude Include="$(MSBuildThisFileDirectory)..\RenderPackList.h">
      <Filter>Render Packs</Filter>
    </ClInclude>
    <ClInclude Include="$(MSBuildThisFileDirectory)..\Renderer.h">
      <Filter>Renderer</Filter>
    </ClInclude>
    <ClInclude Include="$(MSBuildThisFileDirectory)..\RenderTargetClearingProperties.h">
      <Filter>Render Target</Filter>
    </ClInclude>
    <ClInclude Include="$(MSBuildThisFileDirectory)..\MeshPrimitive.h">
      <Filter>Renderable Primitives\Mesh</Filter>
    </ClInclude>
    <ClInclude Include="$(MSBuildThisFileDirectory)..\RenderablePrimitiveBuilder.h">
      <Filter>Renderable Primitives\Builders</Filter>
    </ClInclude>
    <ClInclude Include="$(MSBuildThisFileDirectory)..\RenderablePrimitivePolicies.h">
      <Filter>Renderable Primitives\Policies</Filter>
    </ClInclude>
    <ClInclude Include="$(MSBuildThisFileDirectory)..\MeshPrimitiveBuilder.h">
      <Filter>Renderable Primitives\Builders</Filter>
    </ClInclude>
    <ClInclude Include="$(MSBuildThisFileDirectory)..\RenderablePrimitiveResponses.h">
      <Filter>Communicatios</Filter>
    </ClInclude>
    <ClInclude Include="$(MSBuildThisFileDirectory)..\RenderablePrimitiveRequests.h">
      <Filter>Communicatios</Filter>
    </ClInclude>
    <ClInclude Include="$(MSBuildThisFileDirectory)..\MeshNode.h">
      <Filter>Renderable Primitives\Model</Filter>
    </ClInclude>
    <ClInclude Include="$(MSBuildThisFileDirectory)..\MeshNodeTree.h">
      <Filter>Renderable Primitives\Model</Filter>
    </ClInclude>
    <ClInclude Include="$(MSBuildThisFileDirectory)..\ModelPrimitive.h">
      <Filter>Renderable Primitives\Model</Filter>
    </ClInclude>
    <ClInclude Include="$(MSBuildThisFileDirectory)..\ModelPrimitiveBuilder.h">
      <Filter>Renderable Primitives\Builders</Filter>
    </ClInclude>
    <ClInclude Include="$(MSBuildThisFileDirectory)..\RenderablePrimitiveDtos.h">
      <Filter>Renderable Primitives\Dtos</Filter>
    </ClInclude>
    <ClInclude Include="$(MSBuildThisFileDirectory)..\SkinMeshPrimitive.h">
      <Filter>Renderable Primitives\Skin Mesh</Filter>
    </ClInclude>
    <ClInclude Include="$(MSBuildThisFileDirectory)..\RendererInstallingPolicy.h">
      <Filter>Installing</Filter>
    </ClInclude>
    <ClInclude Include="$(MSBuildThisFileDirectory)..\DeferredRenderer.h">
      <Filter>Renderer</Filter>
    </ClInclude>
  </ItemGroup>
  <ItemGroup>
    <ClCompile Include="$(MSBuildThisFileDirectory)..\RendererManager.cpp">
      <Filter>Renderer</Filter>
    </ClCompile>
    <ClCompile Include="$(MSBuildThisFileDirectory)..\RendererErrors.cpp">
      <Filter>Error Codes</Filter>
    </ClCompile>
    <ClCompile Include="$(MSBuildThisFileDirectory)..\RenderTarget.cpp">
      <Filter>Render Target</Filter>
    </ClCompile>
    <ClCompile Include="$(MSBuildThisFileDirectory)..\RenderElement.cpp">
      <Filter>Render Packs</Filter>
    </ClCompile>
    <ClCompile Include="$(MSBuildThisFileDirectory)..\RenderPack.cpp">
      <Filter>Render Packs</Filter>
    </ClCompile>
    <ClCompile Include="$(MSBuildThisFileDirectory)..\RenderPackList.cpp">
      <Filter>Render Packs</Filter>
    </ClCompile>
    <ClCompile Include="$(MSBuildThisFileDirectory)..\Renderer.cpp">
      <Filter>Renderer</Filter>
    </ClCompile>
    <ClCompile Include="$(MSBuildThisFileDirectory)..\MeshPrimitive.cpp">
      <Filter>Renderable Primitives\Mesh</Filter>
    </ClCompile>
    <ClCompile Include="$(MSBuildThisFileDirectory)..\RenderablePrimitiveBuilder.cpp">
      <Filter>Renderable Primitives\Builders</Filter>
    </ClCompile>
    <ClCompile Include="$(MSBuildThisFileDirectory)..\RenderablePrimitivePolicies.cpp">
      <Filter>Renderable Primitives\Policies</Filter>
    </ClCompile>
    <ClCompile Include="$(MSBuildThisFileDirectory)..\MeshPrimitiveBuilder.cpp">
      <Filter>Renderable Primitives\Builders</Filter>
    </ClCompile>
    <ClCompile Include="$(MSBuildThisFileDirectory)..\MeshNode.cpp">
      <Filter>Renderable Primitives\Model</Filter>
    </ClCompile>
    <ClCompile Include="$(MSBuildThisFileDirectory)..\MeshNodeTree.cpp">
      <Filter>Renderable Primitives\Model</Filter>
    </ClCompile>
    <ClCompile Include="$(MSBuildThisFileDirectory)..\ModelPrimitive.cpp">
      <Filter>Renderable Primitives\Model</Filter>
    </ClCompile>
    <ClCompile Include="$(MSBuildThisFileDirectory)..\ModelPrimitiveBuilder.cpp">
      <Filter>Renderable Primitives\Builders</Filter>
    </ClCompile>
    <ClCompile Include="$(MSBuildThisFileDirectory)..\RenderablePrimitiveDtos.cpp">
      <Filter>Renderable Primitives\Dtos</Filter>
    </ClCompile>
    <ClCompile Include="$(MSBuildThisFileDirectory)..\SkinMeshPrimitive.cpp">
      <Filter>Renderable Primitives\Skin Mesh</Filter>
    </ClCompile>
    <ClCompile Include="$(MSBuildThisFileDirectory)..\RendererInstallingPolicy.cpp">
      <Filter>Installing</Filter>
    </ClCompile>
    <ClCompile Include="$(MSBuildThisFileDirectory)..\DeferredRenderer.cpp">
      <Filter>Renderer</Filter>
    </ClCompile>
  </ItemGroup>
</Project>