<?xml version="1.0" encoding="utf-8"?>
<Project ToolsVersion="4.0" xmlns="http://schemas.microsoft.com/developer/msbuild/2003">
  <ItemGroup>
    <Filter Include="Events">
      <UniqueIdentifier>{1e45fc58-1bf5-4b11-8676-f522ed71318b}</UniqueIdentifier>
    </Filter>
    <Filter Include="SystemService">
      <UniqueIdentifier>{65a18be6-3abd-4d00-91aa-00e8523bc66c}</UniqueIdentifier>
    </Filter>
    <Filter Include="Rtti">
      <UniqueIdentifier>{4145e531-e881-4c7b-a6fb-6d3b79f29a36}</UniqueIdentifier>
    </Filter>
    <Filter Include="Commands">
      <UniqueIdentifier>{80dd3f81-2a6a-4c7c-853c-746ff9391236}</UniqueIdentifier>
    </Filter>
    <Filter Include="Extend">
      <UniqueIdentifier>{3e578946-7a77-4e63-9136-00f6b0a7ef93}</UniqueIdentifier>
    </Filter>
    <Filter Include="Utilities">
      <UniqueIdentifier>{5ad244b1-47de-410a-8ad2-94a6d625e335}</UniqueIdentifier>
    </Filter>
    <Filter Include="Timer">
      <UniqueIdentifier>{e3549b65-ba41-4de6-b26b-058cb82273de}</UniqueIdentifier>
    </Filter>
    <Filter Include="ruid">
      <UniqueIdentifier>{e68880cc-29bf-4920-972f-89bf074bdf1b}</UniqueIdentifier>
    </Filter>
    <Filter Include="Requests &amp; Responses">
      <UniqueIdentifier>{acf701a4-ec3f-487d-b0e7-3a131761e719}</UniqueIdentifier>
    </Filter>
    <Filter Include="Requests &amp; Responses\Request">
      <UniqueIdentifier>{60d4b38d-4cf8-4707-a554-c368419e0f76}</UniqueIdentifier>
    </Filter>
    <Filter Include="Requests &amp; Responses\Response">
      <UniqueIdentifier>{19aaf587-0d2b-4d46-a254-57b33fcd2dcf}</UniqueIdentifier>
    </Filter>
    <Filter Include="LazyStatus">
      <UniqueIdentifier>{10b2669a-fc7c-48be-9bfb-f3f2f00902bd}</UniqueIdentifier>
    </Filter>
  </ItemGroup>
  <ItemGroup>
    <ClCompile Include="$(MSBuildThisFileDirectory)..\Rtti.cpp">
      <Filter>Rtti</Filter>
    </ClCompile>
    <ClCompile Include="$(MSBuildThisFileDirectory)..\RttiDerivingMap.cpp">
      <Filter>Rtti</Filter>
    </ClCompile>
    <ClCompile Include="$(MSBuildThisFileDirectory)..\SystemService.cpp">
      <Filter>SystemService</Filter>
    </ClCompile>
    <ClCompile Include="$(MSBuildThisFileDirectory)..\ServiceManager.cpp">
      <Filter>SystemService</Filter>
    </ClCompile>
    <ClCompile Include="$(MSBuildThisFileDirectory)..\EventSubscriber.cpp">
      <Filter>Events</Filter>
    </ClCompile>
    <ClCompile Include="$(MSBuildThisFileDirectory)..\EventPublisher.cpp">
      <Filter>Events</Filter>
    </ClCompile>
    <ClCompile Include="$(MSBuildThisFileDirectory)..\CommandSubscriber.cpp">
      <Filter>Commands</Filter>
    </ClCompile>
    <ClCompile Include="$(MSBuildThisFileDirectory)..\CommandBus.cpp">
      <Filter>Commands</Filter>
    </ClCompile>
    <ClCompile Include="$(MSBuildThisFileDirectory)..\ExtentTypesDefine.cpp">
      <Filter>Extend</Filter>
    </ClCompile>
    <ClCompile Include="$(MSBuildThisFileDirectory)..\TokenVector.cpp">
      <Filter>Utilities</Filter>
    </ClCompile>
    <ClCompile Include="$(MSBuildThisFileDirectory)..\Timer.cpp">
      <Filter>Timer</Filter>
    </ClCompile>
    <ClCompile Include="$(MSBuildThisFileDirectory)..\ruid.cpp">
      <Filter>ruid</Filter>
    </ClCompile>
    <ClCompile Include="$(MSBuildThisFileDirectory)..\Request.cpp">
      <Filter>Requests &amp; Responses\Request</Filter>
    </ClCompile>
    <ClCompile Include="$(MSBuildThisFileDirectory)..\Response.cpp">
      <Filter>Requests &amp; Responses\Response</Filter>
    </ClCompile>
    <ClCompile Include="$(MSBuildThisFileDirectory)..\RequestSubscriber.cpp">
      <Filter>Requests &amp; Responses\Request</Filter>
    </ClCompile>
    <ClCompile Include="$(MSBuildThisFileDirectory)..\RequestBus.cpp">
      <Filter>Requests &amp; Responses\Request</Filter>
    </ClCompile>
    <ClCompile Include="$(MSBuildThisFileDirectory)..\ResponseSubscriber.cpp">
      <Filter>Requests &amp; Responses\Response</Filter>
    </ClCompile>
    <ClCompile Include="$(MSBuildThisFileDirectory)..\ResponseBus.cpp">
      <Filter>Requests &amp; Responses\Response</Filter>
    </ClCompile>
    <ClCompile Include="$(MSBuildThisFileDirectory)..\LazyStatus.cpp">
      <Filter>LazyStatus</Filter>
    </ClCompile>
  </ItemGroup>
  <ItemGroup>
    <ClInclude Include="$(MSBuildThisFileDirectory)..\Rtti.h">
      <Filter>Rtti</Filter>
    </ClInclude>
    <ClInclude Include="$(MSBuildThisFileDirectory)..\RttiDerivingMap.h">
      <Filter>Rtti</Filter>
    </ClInclude>
    <ClInclude Include="$(MSBuildThisFileDirectory)..\SystemService.h">
      <Filter>SystemService</Filter>
    </ClInclude>
    <ClInclude Include="$(MSBuildThisFileDirectory)..\ServiceManager.h">
      <Filter>SystemService</Filter>
    </ClInclude>
    <ClInclude Include="$(MSBuildThisFileDirectory)..\Event.h">
      <Filter>Events</Filter>
    </ClInclude>
    <ClInclude Include="$(MSBuildThisFileDirectory)..\EventSubscriber.h">
      <Filter>Events</Filter>
    </ClInclude>
    <ClInclude Include="$(MSBuildThisFileDirectory)..\EventPublisher.h">
      <Filter>Events</Filter>
    </ClInclude>
    <ClInclude Include="$(MSBuildThisFileDirectory)..\SystemServiceEvents.h">
      <Filter>SystemService</Filter>
    </ClInclude>
    <ClInclude Include="$(MSBuildThisFileDirectory)..\Command.h">
      <Filter>Commands</Filter>
    </ClInclude>
    <ClInclude Include="$(MSBuildThisFileDirectory)..\CommandBus.h">
      <Filter>Commands</Filter>
    </ClInclude>
    <ClInclude Include="$(MSBuildThisFileDirectory)..\CommandSubscriber.h">
      <Filter>Commands</Filter>
    </ClInclude>
    <ClInclude Include="$(MSBuildThisFileDirectory)..\ExtentTypesDefine.h">
      <Filter>Extend</Filter>
    </ClInclude>
    <ClInclude Include="$(MSBuildThisFileDirectory)..\TokenVector.h">
      <Filter>Utilities</Filter>
    </ClInclude>
    <ClInclude Include="$(MSBuildThisFileDirectory)..\StringFormat.h">
      <Filter>Utilities</Filter>
    </ClInclude>
    <ClInclude Include="$(MSBuildThisFileDirectory)..\Timer.h">
      <Filter>Timer</Filter>
    </ClInclude>
    <ClInclude Include="$(MSBuildThisFileDirectory)..\optional_ref.hpp">
      <Filter>Extend</Filter>
    </ClInclude>
    <ClInclude Include="$(MSBuildThisFileDirectory)..\ruid.h">
      <Filter>ruid</Filter>
    </ClInclude>
    <ClInclude Include="$(MSBuildThisFileDirectory)..\Request.h">
      <Filter>Requests &amp; Responses\Request</Filter>
    </ClInclude>
    <ClInclude Include="$(MSBuildThisFileDirectory)..\Response.h">
      <Filter>Requests &amp; Responses\Response</Filter>
    </ClInclude>
    <ClInclude Include="$(MSBuildThisFileDirectory)..\RequestSubscriber.h">
      <Filter>Requests &amp; Responses\Request</Filter>
    </ClInclude>
    <ClInclude Include="$(MSBuildThisFileDirectory)..\RequestBus.h">
      <Filter>Requests &amp; Responses\Request</Filter>
    </ClInclude>
    <ClInclude Include="$(MSBuildThisFileDirectory)..\ResponseSubscriber.h">
      <Filter>Requests &amp; Responses\Response</Filter>
    </ClInclude>
    <ClInclude Include="$(MSBuildThisFileDirectory)..\ResponseBus.h">
      <Filter>Requests &amp; Responses\Response</Filter>
    </ClInclude>
    <ClInclude Include="$(MSBuildThisFileDirectory)..\unique_ptr_dynamic_cast.hpp">
      <Filter>Extend</Filter>
    </ClInclude>
    <ClInclude Include="$(MSBuildThisFileDirectory)..\LazyStatus.h">
      <Filter>LazyStatus</Filter>
    </ClInclude>
  </ItemGroup>
  <ItemGroup>
    <None Include="$(MSBuildThisFileDirectory)..\DesignRules.md" />
  </ItemGroup>
</Project>