<?xml version="1.0" encoding="utf-8"?>
<Project ToolsVersion="4.0" xmlns="http://schemas.microsoft.com/developer/msbuild/2003">
  <ItemGroup>
    <Filter Include="Events">
      <UniqueIdentifier>{1e45fc58-1bf5-4b11-8676-f522ed71318b}</UniqueIdentifier>
    </Filter>
    <Filter Include="SystemService">
      <UniqueIdentifier>{65a18be6-3abd-4d00-91aa-00e8523bc66c}</UniqueIdentifier>
    </Filter>
    <Filter Include="Rtti">
      <UniqueIdentifier>{4145e531-e881-4c7b-a6fb-6d3b79f29a36}</UniqueIdentifier>
    </Filter>
    <Filter Include="Commands">
      <UniqueIdentifier>{80dd3f81-2a6a-4c7c-853c-746ff9391236}</UniqueIdentifier>
    </Filter>
    <Filter Include="Extend">
      <UniqueIdentifier>{3e578946-7a77-4e63-9136-00f6b0a7ef93}</UniqueIdentifier>
    </Filter>
    <Filter Include="Utilities">
      <UniqueIdentifier>{5ad244b1-47de-410a-8ad2-94a6d625e335}</UniqueIdentifier>
    </Filter>
    <Filter Include="Timer">
      <UniqueIdentifier>{e3549b65-ba41-4de6-b26b-058cb82273de}</UniqueIdentifier>
    </Filter>
  </ItemGroup>
  <ItemGroup>
    <ClCompile Include="$(MSBuildThisFileDirectory)..\Rtti.cpp">
      <Filter>Rtti</Filter>
    </ClCompile>
    <ClCompile Include="$(MSBuildThisFileDirectory)..\RttiDerivingMap.cpp">
      <Filter>Rtti</Filter>
    </ClCompile>
    <ClCompile Include="$(MSBuildThisFileDirectory)..\SystemService.cpp">
      <Filter>SystemService</Filter>
    </ClCompile>
    <ClCompile Include="$(MSBuildThisFileDirectory)..\ServiceManager.cpp">
      <Filter>SystemService</Filter>
    </ClCompile>
    <ClCompile Include="$(MSBuildThisFileDirectory)..\EventSubscriber.cpp">
      <Filter>Events</Filter>
    </ClCompile>
    <ClCompile Include="$(MSBuildThisFileDirectory)..\EventPublisher.cpp">
      <Filter>Events</Filter>
    </ClCompile>
    <ClCompile Include="$(MSBuildThisFileDirectory)..\CommandSubscriber.cpp">
      <Filter>Commands</Filter>
    </ClCompile>
    <ClCompile Include="$(MSBuildThisFileDirectory)..\CommandBus.cpp">
      <Filter>Commands</Filter>
    </ClCompile>
    <ClCompile Include="$(MSBuildThisFileDirectory)..\ExtentTypesDefine.cpp">
      <Filter>Extend</Filter>
    </ClCompile>
    <ClCompile Include="$(MSBuildThisFileDirectory)..\TokenVector.cpp">
      <Filter>Utilities</Filter>
    </ClCompile>
    <ClCompile Include="$(MSBuildThisFileDirectory)..\Timer.cpp">
      <Filter>Timer</Filter>
    </ClCompile>
  </ItemGroup>
  <ItemGroup>
    <ClInclude Include="$(MSBuildThisFileDirectory)..\Rtti.h">
      <Filter>Rtti</Filter>
    </ClInclude>
    <ClInclude Include="$(MSBuildThisFileDirectory)..\RttiDerivingMap.h">
      <Filter>Rtti</Filter>
    </ClInclude>
    <ClInclude Include="$(MSBuildThisFileDirectory)..\SystemService.h">
      <Filter>SystemService</Filter>
    </ClInclude>
    <ClInclude Include="$(MSBuildThisFileDirectory)..\ServiceManager.h">
      <Filter>SystemService</Filter>
    </ClInclude>
    <ClInclude Include="$(MSBuildThisFileDirectory)..\Event.h">
      <Filter>Events</Filter>
    </ClInclude>
    <ClInclude Include="$(MSBuildThisFileDirectory)..\EventSubscriber.h">
      <Filter>Events</Filter>
    </ClInclude>
    <ClInclude Include="$(MSBuildThisFileDirectory)..\EventPublisher.h">
      <Filter>Events</Filter>
    </ClInclude>
    <ClInclude Include="$(MSBuildThisFileDirectory)..\SystemServiceEvents.h">
      <Filter>SystemService</Filter>
    </ClInclude>
    <ClInclude Include="$(MSBuildThisFileDirectory)..\Command.h">
      <Filter>Commands</Filter>
    </ClInclude>
    <ClInclude Include="$(MSBuildThisFileDirectory)..\CommandBus.h">
      <Filter>Commands</Filter>
    </ClInclude>
    <ClInclude Include="$(MSBuildThisFileDirectory)..\CommandSubscriber.h">
      <Filter>Commands</Filter>
    </ClInclude>
    <ClInclude Include="$(MSBuildThisFileDirectory)..\ExtentTypesDefine.h">
      <Filter>Extend</Filter>
    </ClInclude>
    <ClInclude Include="$(MSBuildThisFileDirectory)..\TokenVector.h">
      <Filter>Utilities</Filter>
    </ClInclude>
    <ClInclude Include="$(MSBuildThisFileDirectory)..\StringFormat.h">
      <Filter>Utilities</Filter>
    </ClInclude>
    <ClInclude Include="$(MSBuildThisFileDirectory)..\Timer.h">
      <Filter>Timer</Filter>
    </ClInclude>
  </ItemGroup>
  <ItemGroup>
    <None Include="$(MSBuildThisFileDirectory)..\DesignRules.md" />
  </ItemGroup>
</Project>