<?xml version="1.0" encoding="utf-8"?>
<Project ToolsVersion="4.0" xmlns="http://schemas.microsoft.com/developer/msbuild/2003">
  <ItemGroup>
    <Filter Include="Forms">
      <UniqueIdentifier>{6133fc09-3a90-4f79-9d03-701ef1480972}</UniqueIdentifier>
    </Filter>
    <Filter Include="AppDelegate">
      <UniqueIdentifier>{86e0655a-5709-4754-99af-f434540f238d}</UniqueIdentifier>
    </Filter>
    <Filter Include="Application">
      <UniqueIdentifier>{4d78a82b-9cb6-4578-a912-87925d0f8d90}</UniqueIdentifier>
    </Filter>
    <Filter Include="SchemeColor">
      <UniqueIdentifier>{b22ff4d7-c576-4748-a458-7467dd924b3f}</UniqueIdentifier>
    </Filter>
    <Filter Include="Forms\Custom Widgets">
      <UniqueIdentifier>{c76407d6-51e2-459a-bc2a-5cb0758aa634}</UniqueIdentifier>
    </Filter>
    <Filter Include="Dae Parser">
      <UniqueIdentifier>{a7b2da3a-e74a-4ba2-af23-ddca4ce67df3}</UniqueIdentifier>
    </Filter>
    <Filter Include="Events &amp; Commands">
      <UniqueIdentifier>{a1f98a01-408e-4d7d-a466-d412805b2362}</UniqueIdentifier>
    </Filter>
  </ItemGroup>
  <ItemGroup>
    <ClInclude Include="MainForm.h">
      <Filter>Forms</Filter>
    </ClInclude>
    <ClInclude Include="ViewerAppDelegate.h">
      <Filter>AppDelegate</Filter>
    </ClInclude>
    <ClInclude Include="pch.h" />
    <ClInclude Include="SchemeColorDef.h">
      <Filter>SchemeColor</Filter>
    </ClInclude>
    <ClInclude Include="RenderPanel.h">
      <Filter>Forms</Filter>
    </ClInclude>
    <ClInclude Include="OutputPanel.h">
      <Filter>Forms</Filter>
    </ClInclude>
    <ClInclude Include="ModelInfoPanel.h">
      <Filter>Forms</Filter>
    </ClInclude>
    <ClInclude Include="AnimationInfoPanel.h">
      <Filter>Forms</Filter>
    </ClInclude>
    <ClInclude Include="ListboxInlineCombox.h">
      <Filter>Forms\Custom Widgets</Filter>
    </ClInclude>
    <ClInclude Include="ListboxInlineTextbox.h">
      <Filter>Forms\Custom Widgets</Filter>
    </ClInclude>
    <ClInclude Include="DaeParser.h">
      <Filter>Dae Parser</Filter>
    </ClInclude>
    <ClInclude Include="ViewerEvents.h">
      <Filter>Events &amp; Commands</Filter>
    </ClInclude>
    <ClInclude Include="ViewerCommands.h">
      <Filter>Events &amp; Commands</Filter>
    </ClInclude>
    <ClInclude Include="pugixml.hpp">
      <Filter>Dae Parser</Filter>
    </ClInclude>
    <ClInclude Include="AnimationClipInfoItem.h">
      <Filter>Forms\Custom Widgets</Filter>
    </ClInclude>
  </ItemGroup>
  <ItemGroup>
    <ClCompile Include="MainForm.cpp">
      <Filter>Forms</Filter>
    </ClCompile>
    <ClCompile Include="ViewerAppDelegate.cpp">
      <Filter>AppDelegate</Filter>
    </ClCompile>
    <ClCompile Include="MainApplication.cpp">
      <Filter>Application</Filter>
    </ClCompile>
    <ClCompile Include="pch.cpp" />
    <ClCompile Include="SchemeColorDef.cpp">
      <Filter>SchemeColor</Filter>
    </ClCompile>
    <ClCompile Include="RenderPanel.cpp">
      <Filter>Forms</Filter>
    </ClCompile>
    <ClCompile Include="OutputPanel.cpp">
      <Filter>Forms</Filter>
    </ClCompile>
    <ClCompile Include="ModelInfoPanel.cpp">
      <Filter>Forms</Filter>
    </ClCompile>
    <ClCompile Include="AnimationInfoPanel.cpp">
      <Filter>Forms</Filter>
    </ClCompile>
    <ClCompile Include="ListboxInlineCombox.cpp">
      <Filter>Forms\Custom Widgets</Filter>
    </ClCompile>
    <ClCompile Include="ListboxInlineTextbox.cpp">
      <Filter>Forms\Custom Widgets</Filter>
    </ClCompile>
    <ClCompile Include="DaeParser.cpp">
      <Filter>Dae Parser</Filter>
    </ClCompile>
    <ClCompile Include="pugixml.cpp">
      <Filter>Dae Parser</Filter>
    </ClCompile>
  </ItemGroup>
</Project>