<?xml version="1.0" encoding="utf-8"?>
<Project ToolsVersion="4.0" xmlns="http://schemas.microsoft.com/developer/msbuild/2003">
  <ItemGroup>
    <Filter Include="EffectPolicy">
      <UniqueIdentifier>{1434ebaa-5879-4041-8a37-5bdc02f751f8}</UniqueIdentifier>
    </Filter>
    <Filter Include="Contracts">
      <UniqueIdentifier>{4b989ff9-047d-4221-911f-721e301ecb81}</UniqueIdentifier>
    </Filter>
    <Filter Include="ContractDeserializer">
      <UniqueIdentifier>{c7d1c588-5a85-4f8a-b576-f88f1a36407c}</UniqueIdentifier>
    </Filter>
  </ItemGroup>
  <ItemGroup>
    <ClInclude Include="$(MSBuildThisFileDirectory)..\EffectPolicyJsonGateway.h">
      <Filter>EffectPolicy</Filter>
    </ClInclude>
    <ClInclude Include="$(MSBuildThisFileDirectory)..\ContractJsonGateway.h">
      <Filter>Contracts</Filter>
    </ClInclude>
    <ClInclude Include="$(MSBuildThisFileDirectory)..\JsonFileContractDeserializer.h">
      <Filter>ContractDeserializer</Filter>
    </ClInclude>
    <ClInclude Include="$(MSBuildThisFileDirectory)..\AsyncJsonFileContractDeserializer.h">
      <Filter>ContractDeserializer</Filter>
    </ClInclude>
  </ItemGroup>
  <ItemGroup>
    <ClCompile Include="$(MSBuildThisFileDirectory)..\EffectPolicyJsonGateway.cpp">
      <Filter>EffectPolicy</Filter>
    </ClCompile>
    <ClCompile Include="$(MSBuildThisFileDirectory)..\ContractJsonGateway.cpp">
      <Filter>Contracts</Filter>
    </ClCompile>
    <ClCompile Include="$(MSBuildThisFileDirectory)..\JsonFileContractDeserializer.cpp">
      <Filter>ContractDeserializer</Filter>
    </ClCompile>
    <ClCompile Include="$(MSBuildThisFileDirectory)..\AsyncJsonFileContractDeserializer.cpp">
      <Filter>ContractDeserializer</Filter>
    </ClCompile>
  </ItemGroup>
</Project>