<?xml version="1.0" encoding="utf-8"?>
<Project ToolsVersion="4.0" xmlns="http://schemas.microsoft.com/developer/msbuild/2003">
  <ItemGroup>
    <ClCompile Include="pch.cpp" />
    <ClCompile Include="..\GraphicAPIDx11.cpp">
      <Filter>Graphic API</Filter>
    </ClCompile>
    <ClCompile Include="..\SwapChainDx11.cpp">
      <Filter>Device Creator</Filter>
    </ClCompile>
    <ClCompile Include="..\AdapterDx11.cpp">
      <Filter>Device Creator</Filter>
    </ClCompile>
    <ClCompile Include="..\DeviceCreatorDx11.cpp">
      <Filter>Device Creator</Filter>
    </ClCompile>
    <ClCompile Include="..\DeviceCreatorDx11Util.cpp">
      <Filter>Device Creator</Filter>
    </ClCompile>
    <ClCompile Include="..\BackSurfaceDx11.cpp">
      <Filter>BackSurfaces</Filter>
    </ClCompile>
    <ClCompile Include="..\DepthStencilSurfaceDx11.cpp">
      <Filter>Depth Surface</Filter>
    </ClCompile>
    <ClCompile Include="..\MultiBackSurfaceDx11.cpp">
      <Filter>BackSurfaces</Filter>
    </ClCompile>
    <ClCompile Include="..\TextureDx11.cpp">
      <Filter>Texture</Filter>
    </ClCompile>
    <ClCompile Include="..\MultiTextureDx11.cpp">
      <Filter>Texture</Filter>
    </ClCompile>
    <ClCompile Include="..\VertexBufferDx11.cpp">
      <Filter>Vertex Index Buffer</Filter>
    </ClCompile>
    <ClCompile Include="..\IndexBufferDx11.cpp">
      <Filter>Vertex Index Buffer</Filter>
    </ClCompile>
    <ClCompile Include="..\VertexShaderDx11.cpp">
      <Filter>Shaders</Filter>
    </ClCompile>
    <ClCompile Include="..\VertexDeclarationDx11.cpp">
      <Filter>Shaders\Vertex Declaration</Filter>
    </ClCompile>
    <ClCompile Include="..\PixelShaderDx11.cpp">
      <Filter>Shaders</Filter>
    </ClCompile>
    <ClCompile Include="..\ShaderProgramDx11.cpp">
      <Filter>Shaders</Filter>
    </ClCompile>
    <ClCompile Include="..\ShaderVariablesDx11.cpp">
      <Filter>Shaders\Variable</Filter>
    </ClCompile>
    <ClCompile Include="..\DeviceConstBufferDx11.cpp">
      <Filter>Device States</Filter>
    </ClCompile>
    <ClCompile Include="..\DeviceSamplerStateDx11.cpp">
      <Filter>Device States</Filter>
    </ClCompile>
    <ClCompile Include="..\DeviceAlphaBlendStateDx11.cpp">
      <Filter>Device States</Filter>
    </ClCompile>
    <ClCompile Include="..\DeviceDepthStencilStateDx11.cpp">
      <Filter>Device States</Filter>
    </ClCompile>
    <ClCompile Include="..\DeviceRasterizerStateDx11.cpp">
      <Filter>Device States</Filter>
    </ClCompile>
    <ClCompile Include="..\AsyncGraphicAPIDx11.cpp">
      <Filter>Graphic API</Filter>
    </ClCompile>
    <ClCompile Include="..\AsyncShaderCompilerDx11.cpp">
      <Filter>Shaders\Shader Compiler</Filter>
    </ClCompile>
    <ClCompile Include="..\ShaderCompilerDx11.cpp">
      <Filter>Shaders\Shader Compiler</Filter>
    </ClCompile>
  </ItemGroup>
  <ItemGroup>
    <ClInclude Include="pch.h" />
    <ClInclude Include="..\GraphicAPIDx11.h">
      <Filter>Graphic API</Filter>
    </ClInclude>
    <ClInclude Include="..\SwapChainDx11.h">
      <Filter>Device Creator</Filter>
    </ClInclude>
    <ClInclude Include="..\AdapterDx11.h">
      <Filter>Device Creator</Filter>
    </ClInclude>
    <ClInclude Include="..\DeviceCreatorDx11.h">
      <Filter>Device Creator</Filter>
    </ClInclude>
    <ClInclude Include="..\BackSurfaceDx11.h">
      <Filter>BackSurfaces</Filter>
    </ClInclude>
    <ClInclude Include="..\DepthStencilSurfaceDx11.h">
      <Filter>Depth Surface</Filter>
    </ClInclude>
    <ClInclude Include="..\MultiBackSurfaceDx11.h">
      <Filter>BackSurfaces</Filter>
    </ClInclude>
    <ClInclude Include="..\TextureDx11.h">
      <Filter>Texture</Filter>
    </ClInclude>
    <ClInclude Include="..\MultiTextureDx11.h">
      <Filter>Texture</Filter>
    </ClInclude>
    <ClInclude Include="..\VertexBufferDx11.h">
      <Filter>Vertex Index Buffer</Filter>
    </ClInclude>
    <ClInclude Include="..\IndexBufferDx11.h">
      <Filter>Vertex Index Buffer</Filter>
    </ClInclude>
    <ClInclude Include="..\VertexShaderDx11.h">
      <Filter>Shaders</Filter>
    </ClInclude>
    <ClInclude Include="..\VertexDeclarationDx11.h">
      <Filter>Shaders\Vertex Declaration</Filter>
    </ClInclude>
    <ClInclude Include="..\PixelShaderDx11.h">
      <Filter>Shaders</Filter>
    </ClInclude>
    <ClInclude Include="..\ShaderProgramDx11.h">
      <Filter>Shaders</Filter>
    </ClInclude>
    <ClInclude Include="..\ShaderVariablesDx11.h">
      <Filter>Shaders\Variable</Filter>
    </ClInclude>
    <ClInclude Include="..\DeviceConstBufferDx11.h">
      <Filter>Device States</Filter>
    </ClInclude>
    <ClInclude Include="..\DeviceSamplerStateDx11.h">
      <Filter>Device States</Filter>
    </ClInclude>
    <ClInclude Include="..\DeviceAlphaBlendStateDx11.h">
      <Filter>Device States</Filter>
    </ClInclude>
    <ClInclude Include="..\DeviceDepthStencilStateDx11.h">
      <Filter>Device States</Filter>
    </ClInclude>
    <ClInclude Include="..\DeviceRasterizerStateDx11.h">
      <Filter>Device States</Filter>
    </ClInclude>
    <ClInclude Include="..\AsyncGraphicAPIDx11.h">
      <Filter>Graphic API</Filter>
    </ClInclude>
    <ClInclude Include="..\AsyncShaderCompilerDx11.h">
      <Filter>Shaders\Shader Compiler</Filter>
    </ClInclude>
    <ClInclude Include="..\ShaderCompilerDx11.h">
      <Filter>Shaders\Shader Compiler</Filter>
    </ClInclude>
  </ItemGroup>
  <ItemGroup>
    <Filter Include="Graphic API">
      <UniqueIdentifier>{f71644e3-d7b5-436d-96d5-8aa865eb8134}</UniqueIdentifier>
    </Filter>
    <Filter Include="Device Creator">
      <UniqueIdentifier>{a31d32fb-d69e-4631-819b-e62dbbe0b538}</UniqueIdentifier>
    </Filter>
    <Filter Include="BackSurfaces">
      <UniqueIdentifier>{48d8ac33-cd8b-4632-8919-f903981df040}</UniqueIdentifier>
    </Filter>
    <Filter Include="Depth Surface">
      <UniqueIdentifier>{65a71831-6dae-498b-8355-e0c5cf7e5b9c}</UniqueIdentifier>
    </Filter>
    <Filter Include="Texture">
      <UniqueIdentifier>{dc73754f-23a0-4eff-8fdd-29a7c360449c}</UniqueIdentifier>
    </Filter>
    <Filter Include="Vertex Index Buffer">
      <UniqueIdentifier>{5cca2045-81be-4bfc-80e7-55e69f761915}</UniqueIdentifier>
    </Filter>
    <Filter Include="Shaders">
      <UniqueIdentifier>{7434f10d-37f4-42c0-853e-183962b66a64}</UniqueIdentifier>
    </Filter>
    <Filter Include="Shaders\Vertex Declaration">
      <UniqueIdentifier>{c83ca7f9-68b4-48c2-b017-807e097cce77}</UniqueIdentifier>
    </Filter>
    <Filter Include="Shaders\Variable">
      <UniqueIdentifier>{ca384372-47f8-4410-a5f7-bf3f4f5b26e7}</UniqueIdentifier>
    </Filter>
    <Filter Include="Device States">
      <UniqueIdentifier>{df33b2be-4d46-4407-a5d3-3388e0a119aa}</UniqueIdentifier>
    </Filter>
    <Filter Include="Shaders\Shader Compiler">
      <UniqueIdentifier>{21fcbc88-4ae4-4121-b01d-5207ba0ee290}</UniqueIdentifier>
    </Filter>
  </ItemGroup>
</Project>