<?xml version="1.0" encoding="utf-8"?>
<Project ToolsVersion="4.0" xmlns="http://schemas.microsoft.com/developer/msbuild/2003">
  <ItemGroup>
    <Filter Include="Primitives">
      <UniqueIdentifier>{1b09a671-79e0-420c-8a68-354671fddf99}</UniqueIdentifier>
    </Filter>
    <Filter Include="Bounding">
      <UniqueIdentifier>{14aaa24a-f517-49fd-b9d5-10abceb7ff6c}</UniqueIdentifier>
    </Filter>
    <Filter Include="Installing">
      <UniqueIdentifier>{f05f6c5c-80d6-45bf-8d47-5bfab0dac347}</UniqueIdentifier>
    </Filter>
    <Filter Include="Primitives\Primitive Builders">
      <UniqueIdentifier>{847688a9-1fc0-4c78-be6e-7bbb521c7cea}</UniqueIdentifier>
    </Filter>
    <Filter Include="Primitives\Intersection">
      <UniqueIdentifier>{744e549a-ea77-452e-992f-d08d7c8503bf}</UniqueIdentifier>
    </Filter>
    <Filter Include="Animators">
      <UniqueIdentifier>{814741c3-b92e-4aeb-8246-7d2507c928c9}</UniqueIdentifier>
    </Filter>
    <Filter Include="Animators\AnimationClip">
      <UniqueIdentifier>{4b7068be-0597-4bd1-8dbf-d052228984f3}</UniqueIdentifier>
    </Filter>
    <Filter Include="Animators\AnimationAsset">
      <UniqueIdentifier>{c7b2b233-5561-414d-a414-abab0501705e}</UniqueIdentifier>
    </Filter>
    <Filter Include="ErrorCodes">
      <UniqueIdentifier>{11038c2a-d22a-427a-937d-d2b62bfb5f98}</UniqueIdentifier>
    </Filter>
    <Filter Include="Animators\Dto and Assemblers">
      <UniqueIdentifier>{b64b6472-cbf7-4477-aca2-a706616a9ce2}</UniqueIdentifier>
    </Filter>
    <Filter Include="Primitives\Dto and Assemblers">
      <UniqueIdentifier>{06e7a9c5-c85b-4009-b0e6-5e20db6ad5b6}</UniqueIdentifier>
    </Filter>
    <Filter Include="Events">
      <UniqueIdentifier>{c9a31e1a-36c7-4ef6-a80a-2b5d3b54a322}</UniqueIdentifier>
    </Filter>
  </ItemGroup>
  <ItemGroup>
    <ClCompile Include="$(MSBuildThisFileDirectory)..\MeshPrimitive.cpp">
      <Filter>Primitives</Filter>
    </ClCompile>
    <ClCompile Include="$(MSBuildThisFileDirectory)..\MeshNode.cpp">
      <Filter>Primitives</Filter>
    </ClCompile>
    <ClCompile Include="$(MSBuildThisFileDirectory)..\MeshNodeTree.cpp">
      <Filter>Primitives</Filter>
    </ClCompile>
    <ClCompile Include="$(MSBuildThisFileDirectory)..\ModelPrimitive.cpp">
      <Filter>Primitives</Filter>
    </ClCompile>
    <ClCompile Include="$(MSBuildThisFileDirectory)..\SkinMeshPrimitive.cpp">
      <Filter>Primitives</Filter>
    </ClCompile>
    <ClCompile Include="$(MSBuildThisFileDirectory)..\MeshPrimitiveBuilder.cpp">
      <Filter>Primitives\Primitive Builders</Filter>
    </ClCompile>
    <ClCompile Include="$(MSBuildThisFileDirectory)..\RenderablePrimitiveBuilder.cpp">
      <Filter>Primitives\Primitive Builders</Filter>
    </ClCompile>
    <ClCompile Include="$(MSBuildThisFileDirectory)..\RenderablePrimitiveDtos.cpp">
      <Filter>Primitives\Dto and Assemblers</Filter>
    </ClCompile>
    <ClCompile Include="$(MSBuildThisFileDirectory)..\MeshPrimitiveRay3IntersectionFinder.cpp">
      <Filter>Primitives\Intersection</Filter>
    </ClCompile>
    <ClCompile Include="$(MSBuildThisFileDirectory)..\ModelPrimitiveRay3IntersectionFinder.cpp">
      <Filter>Primitives\Intersection</Filter>
    </ClCompile>
    <ClCompile Include="$(MSBuildThisFileDirectory)..\RenderableBoundFilter.cpp">
      <Filter>Bounding</Filter>
    </ClCompile>
    <ClCompile Include="$(MSBuildThisFileDirectory)..\RenderablesInstallingPolicy.cpp">
      <Filter>Installing</Filter>
    </ClCompile>
    <ClCompile Include="$(MSBuildThisFileDirectory)..\AnimationClip.cpp">
      <Filter>Animators\AnimationClip</Filter>
    </ClCompile>
    <ClCompile Include="$(MSBuildThisFileDirectory)..\AnimationTimeSRT.cpp">
      <Filter>Animators\AnimationAsset</Filter>
    </ClCompile>
    <ClCompile Include="$(MSBuildThisFileDirectory)..\ModelAnimationDtos.cpp">
      <Filter>Animators\Dto and Assemblers</Filter>
    </ClCompile>
    <ClCompile Include="$(MSBuildThisFileDirectory)..\ModelAnimationAsset.cpp">
      <Filter>Animators\AnimationAsset</Filter>
    </ClCompile>
    <ClCompile Include="$(MSBuildThisFileDirectory)..\ModelPrimitiveAnimator.cpp">
      <Filter>Animators</Filter>
    </ClCompile>
    <ClCompile Include="$(MSBuildThisFileDirectory)..\SkinAnimationOperator.cpp">
      <Filter>Animators</Filter>
    </ClCompile>
    <ClCompile Include="$(MSBuildThisFileDirectory)..\ModelAnimatorDtos.cpp">
      <Filter>Animators\Dto and Assemblers</Filter>
    </ClCompile>
    <ClCompile Include="$(MSBuildThisFileDirectory)..\RenderableErrors.cpp">
      <Filter>ErrorCodes</Filter>
    </ClCompile>
    <ClCompile Include="$(MSBuildThisFileDirectory)..\RenderablePrimitiveAssembler.cpp">
      <Filter>Primitives\Dto and Assemblers</Filter>
    </ClCompile>
    <ClCompile Include="$(MSBuildThisFileDirectory)..\ModelAnimationAssembler.cpp">
      <Filter>Animators\Dto and Assemblers</Filter>
    </ClCompile>
    <ClCompile Include="$(MSBuildThisFileDirectory)..\ModelAnimatorAssembler.cpp">
      <Filter>Animators\Dto and Assemblers</Filter>
    </ClCompile>
  </ItemGroup>
  <ItemGroup>
    <ClInclude Include="$(MSBuildThisFileDirectory)..\MeshPrimitive.h">
      <Filter>Primitives</Filter>
    </ClInclude>
    <ClInclude Include="$(MSBuildThisFileDirectory)..\MeshNode.h">
      <Filter>Primitives</Filter>
    </ClInclude>
    <ClInclude Include="$(MSBuildThisFileDirectory)..\MeshNodeTree.h">
      <Filter>Primitives</Filter>
    </ClInclude>
    <ClInclude Include="$(MSBuildThisFileDirectory)..\ModelPrimitive.h">
      <Filter>Primitives</Filter>
    </ClInclude>
    <ClInclude Include="$(MSBuildThisFileDirectory)..\SkinMeshPrimitive.h">
      <Filter>Primitives</Filter>
    </ClInclude>
    <ClInclude Include="$(MSBuildThisFileDirectory)..\MeshPrimitiveBuilder.h">
      <Filter>Primitives\Primitive Builders</Filter>
    </ClInclude>
    <ClInclude Include="$(MSBuildThisFileDirectory)..\PrimitiveHydratingPlan.h">
      <Filter>Primitives\Primitive Builders</Filter>
    </ClInclude>
    <ClInclude Include="$(MSBuildThisFileDirectory)..\RenderablePrimitiveBuilder.h">
      <Filter>Primitives\Primitive Builders</Filter>
    </ClInclude>
    <ClInclude Include="$(MSBuildThisFileDirectory)..\RenderablePrimitiveDtos.h">
      <Filter>Primitives\Dto and Assemblers</Filter>
    </ClInclude>
    <ClInclude Include="$(MSBuildThisFileDirectory)..\IntrModelPrimitiveCache.h">
      <Filter>Primitives\Intersection</Filter>
    </ClInclude>
    <ClInclude Include="$(MSBuildThisFileDirectory)..\MeshPrimitiveRay3IntersectionFinder.h">
      <Filter>Primitives\Intersection</Filter>
    </ClInclude>
    <ClInclude Include="$(MSBuildThisFileDirectory)..\ModelPrimitiveRay3IntersectionFinder.h">
      <Filter>Primitives\Intersection</Filter>
    </ClInclude>
    <ClInclude Include="$(MSBuildThisFileDirectory)..\RenderableBoundFilter.h">
      <Filter>Bounding</Filter>
    </ClInclude>
    <ClInclude Include="$(MSBuildThisFileDirectory)..\RenderablesInstallingPolicy.h">
      <Filter>Installing</Filter>
    </ClInclude>
    <ClInclude Include="$(MSBuildThisFileDirectory)..\AnimationClip.h">
      <Filter>Animators\AnimationClip</Filter>
    </ClInclude>
    <ClInclude Include="$(MSBuildThisFileDirectory)..\AnimationTimeSRT.h">
      <Filter>Animators\AnimationAsset</Filter>
    </ClInclude>
    <ClInclude Include="$(MSBuildThisFileDirectory)..\ModelAnimationDtos.h">
      <Filter>Animators\Dto and Assemblers</Filter>
    </ClInclude>
    <ClInclude Include="$(MSBuildThisFileDirectory)..\ModelAnimationAsset.h">
      <Filter>Animators\AnimationAsset</Filter>
    </ClInclude>
    <ClInclude Include="$(MSBuildThisFileDirectory)..\ModelPrimitiveAnimator.h">
      <Filter>Animators</Filter>
    </ClInclude>
    <ClInclude Include="$(MSBuildThisFileDirectory)..\SkinAnimationOperator.h">
      <Filter>Animators</Filter>
    </ClInclude>
    <ClInclude Include="$(MSBuildThisFileDirectory)..\ModelAnimatorDtos.h">
      <Filter>Animators\Dto and Assemblers</Filter>
    </ClInclude>
    <ClInclude Include="$(MSBuildThisFileDirectory)..\RenderableErrors.h">
      <Filter>ErrorCodes</Filter>
    </ClInclude>
    <ClInclude Include="$(MSBuildThisFileDirectory)..\RenderablePrimitiveAssembler.h">
      <Filter>Primitives\Dto and Assemblers</Filter>
    </ClInclude>
    <ClInclude Include="$(MSBuildThisFileDirectory)..\ModelAnimationAssembler.h">
      <Filter>Animators\Dto and Assemblers</Filter>
    </ClInclude>
    <ClInclude Include="$(MSBuildThisFileDirectory)..\ModelAnimatorAssembler.h">
      <Filter>Animators\Dto and Assemblers</Filter>
    </ClInclude>
    <ClInclude Include="$(MSBuildThisFileDirectory)..\RenderableEvents.h">
      <Filter>Events</Filter>
    </ClInclude>
  </ItemGroup>
</Project>