<?xml version="1.0" encoding="utf-8"?>
<Project ToolsVersion="4.0" xmlns="http://schemas.microsoft.com/developer/msbuild/2003">
  <ItemGroup>
    <Filter Include="Scheme Colors">
      <UniqueIdentifier>{b3184597-c64f-468d-912a-1a2ba6ccba19}</UniqueIdentifier>
    </Filter>
    <Filter Include="Application">
      <UniqueIdentifier>{7106e965-4da7-4a07-ac35-d41122a236f2}</UniqueIdentifier>
    </Filter>
    <Filter Include="Forms">
      <UniqueIdentifier>{e8d3a880-8465-4b01-a92a-bd5ab7ef531c}</UniqueIdentifier>
    </Filter>
    <Filter Include="AppDelegate">
      <UniqueIdentifier>{4ec8122c-677f-41f2-8ac5-cf24df262139}</UniqueIdentifier>
    </Filter>
    <Filter Include="Forms\Custom Widgets">
      <UniqueIdentifier>{0cb909bf-fd8b-489c-850c-e4e41f922b60}</UniqueIdentifier>
    </Filter>
    <Filter Include="Events &amp; Commands">
      <UniqueIdentifier>{e4d2a328-4aaf-44d6-851b-330ed49a7144}</UniqueIdentifier>
    </Filter>
    <Filter Include="EditorServices">
      <UniqueIdentifier>{2fe6ea78-3b72-4ce4-bfe9-3aa8fa729be5}</UniqueIdentifier>
    </Filter>
    <Filter Include="Utilities">
      <UniqueIdentifier>{5d03fe07-e5ff-482e-aca4-a8e4e3d081b5}</UniqueIdentifier>
    </Filter>
  </ItemGroup>
  <ItemGroup>
    <ClCompile Include="SchemeColorDef.cpp">
      <Filter>Scheme Colors</Filter>
    </ClCompile>
    <ClCompile Include="MainApplication.cpp">
      <Filter>Application</Filter>
    </ClCompile>
    <ClCompile Include="pch.cpp" />
    <ClCompile Include="MainForm.cpp">
      <Filter>Forms</Filter>
    </ClCompile>
    <ClCompile Include="LevelEditorAppDelegate.cpp">
      <Filter>AppDelegate</Filter>
    </ClCompile>
    <ClCompile Include="RenderPanel.cpp">
      <Filter>Forms</Filter>
    </ClCompile>
    <ClCompile Include="SceneGraphPanel.cpp">
      <Filter>Forms</Filter>
    </ClCompile>
    <ClCompile Include="propertygrid\pgitems.cpp">
      <Filter>Forms\Custom Widgets</Filter>
    </ClCompile>
    <ClCompile Include="propertygrid\propertygrid.cpp">
      <Filter>Forms\Custom Widgets</Filter>
    </ClCompile>
    <ClCompile Include="SpatialInspectorToolPanel.cpp">
      <Filter>Forms</Filter>
    </ClCompile>
    <ClCompile Include="TerrainToolPanel.cpp">
      <Filter>Forms</Filter>
    </ClCompile>
    <ClCompile Include="OutputPanel.cpp">
      <Filter>Forms</Filter>
    </ClCompile>
    <ClCompile Include="WorldEditConsole.cpp">
      <Filter>EditorServices</Filter>
    </ClCompile>
    <ClCompile Include="AppConfiguration.cpp">
      <Filter>AppDelegate</Filter>
    </ClCompile>
    <ClCompile Include="CreateNewWorldDlg.cpp">
      <Filter>Forms</Filter>
    </ClCompile>
    <ClCompile Include="WorldEditService.cpp">
      <Filter>EditorServices</Filter>
    </ClCompile>
    <ClCompile Include="AddTerrainDialog.cpp">
      <Filter>Forms</Filter>
    </ClCompile>
    <ClCompile Include="TerrainEditService.cpp">
      <Filter>EditorServices</Filter>
    </ClCompile>
    <ClCompile Include="EditorUtilities.cpp">
      <Filter>Utilities</Filter>
    </ClCompile>
    <ClCompile Include="TerrainEditConsole.cpp">
      <Filter>EditorServices</Filter>
    </ClCompile>
    <ClCompile Include="LightEditService.cpp">
      <Filter>EditorServices</Filter>
    </ClCompile>
    <ClCompile Include="EditorSceneConsole.cpp">
      <Filter>EditorServices</Filter>
    </ClCompile>
    <ClCompile Include="ScenePicker.cpp">
      <Filter>Utilities</Filter>
    </ClCompile>
  </ItemGroup>
  <ItemGroup>
    <ClInclude Include="SchemeColorDef.h">
      <Filter>Scheme Colors</Filter>
    </ClInclude>
    <ClInclude Include="MainForm.h">
      <Filter>Forms</Filter>
    </ClInclude>
    <ClInclude Include="pch.h" />
    <ClInclude Include="LevelEditorAppDelegate.h">
      <Filter>AppDelegate</Filter>
    </ClInclude>
    <ClInclude Include="RenderPanel.h">
      <Filter>Forms</Filter>
    </ClInclude>
    <ClInclude Include="SceneGraphPanel.h">
      <Filter>Forms</Filter>
    </ClInclude>
    <ClInclude Include="SpatialInspectorToolPanel.h">
      <Filter>Forms</Filter>
    </ClInclude>
    <ClInclude Include="propertygrid\pgitems.h">
      <Filter>Forms\Custom Widgets</Filter>
    </ClInclude>
    <ClInclude Include="propertygrid\propertygrid.h">
      <Filter>Forms\Custom Widgets</Filter>
    </ClInclude>
    <ClInclude Include="TerrainToolPanel.h">
      <Filter>Forms</Filter>
    </ClInclude>
    <ClInclude Include="OutputPanel.h">
      <Filter>Forms</Filter>
    </ClInclude>
    <ClInclude Include="LevelEditorCommands.h">
      <Filter>Events &amp; Commands</Filter>
    </ClInclude>
    <ClInclude Include="WorldEditConsole.h">
      <Filter>EditorServices</Filter>
    </ClInclude>
    <ClInclude Include="AppConfiguration.h">
      <Filter>AppDelegate</Filter>
    </ClInclude>
    <ClInclude Include="CreateNewWorldDlg.h">
      <Filter>Forms</Filter>
    </ClInclude>
    <ClInclude Include="WorldEditService.h">
      <Filter>EditorServices</Filter>
    </ClInclude>
    <ClInclude Include="AddTerrainDialog.h">
      <Filter>Forms</Filter>
    </ClInclude>
    <ClInclude Include="TerrainEditService.h">
      <Filter>EditorServices</Filter>
    </ClInclude>
    <ClInclude Include="EditorUtilities.h">
      <Filter>Utilities</Filter>
    </ClInclude>
    <ClInclude Include="TerrainEditConsole.h">
      <Filter>EditorServices</Filter>
    </ClInclude>
    <ClInclude Include="LevelEditorEvents.h">
      <Filter>Events &amp; Commands</Filter>
    </ClInclude>
    <ClInclude Include="EditorModes.h">
      <Filter>EditorServices</Filter>
    </ClInclude>
    <ClInclude Include="LightEditService.h">
      <Filter>EditorServices</Filter>
    </ClInclude>
    <ClInclude Include="LevelEditorUiEvents.h">
      <Filter>Events &amp; Commands</Filter>
    </ClInclude>
    <ClInclude Include="EditorSceneConsole.h">
      <Filter>EditorServices</Filter>
    </ClInclude>
    <ClInclude Include="ScenePicker.h">
      <Filter>Utilities</Filter>
    </ClInclude>
  </ItemGroup>
</Project>