
Microsoft Visual Studio Solution File, Format Version 12.00
# Visual Studio Version 17
VisualStudioVersion = 17.4.33205.214
MinimumVisualStudioVersion = 10.0.40219.1
Project("{8BC9CEB8-8B4A-11D0-8D11-00A0C91BC942}") = "ModelPrimitiveTest.Shared", "ModelPrimitiveTest.Shared\ModelPrimitiveTest.Shared.vcxitems", "{E03888D5-6FDB-4ADB-BF9B-8E4F61904632}"
EndProject
Project("{8BC9CEB8-8B4A-11D0-8D11-00A0C91BC942}") = "ModelPrimitiveTest.Win32", "ModelPrimitiveTest.Win32\ModelPrimitiveTest.Win32.vcxproj", "{7F87903C-05E8-425A-AEBF-89CC2358762E}"
EndProject
Project("{8BC9CEB8-8B4A-11D0-8D11-00A0C91BC942}") = "ModelPrimitiveTest.Jni", "ModelPrimitiveTest.Jni\ModelPrimitiveTest.Jni.vcxproj", "{143BF762-5330-4195-B96E-9D9AF8B6FADD}"
EndProject
Project("{39E2626F-3545-4960-A6E8-258AD8476CE5}") = "ModelPrimitiveTestApp", "ModelPrimitiveTestApp\ModelPrimitiveTestApp.androidproj", "{32F8CDCC-E9B5-453F-89BF-BD35D104E7FE}"
EndProject
Global
	GlobalSection(SolutionConfigurationPlatforms) = preSolution
		Debug|ARM = Debug|ARM
		Debug|ARM64 = Debug|ARM64
		Debug|x64 = Debug|x64
		Debug|x86 = Debug|x86
		Release|ARM = Release|ARM
		Release|ARM64 = Release|ARM64
		Release|x64 = Release|x64
		Release|x86 = Release|x86
	EndGlobalSection
	GlobalSection(ProjectConfigurationPlatforms) = postSolution
		{7F87903C-05E8-425A-AEBF-89CC2358762E}.Debug|ARM.ActiveCfg = Debug|x64
		{7F87903C-05E8-425A-AEBF-89CC2358762E}.Debug|ARM.Build.0 = Debug|x64
		{7F87903C-05E8-425A-AEBF-89CC2358762E}.Debug|ARM64.ActiveCfg = Debug|x64
		{7F87903C-05E8-425A-AEBF-89CC2358762E}.Debug|ARM64.Build.0 = Debug|x64
		{7F87903C-05E8-425A-AEBF-89CC2358762E}.Debug|x64.ActiveCfg = Debug|x64
		{7F87903C-05E8-425A-AEBF-89CC2358762E}.Debug|x64.Build.0 = Debug|x64
		{7F87903C-05E8-425A-AEBF-89CC2358762E}.Debug|x86.ActiveCfg = Debug|Win32
		{7F87903C-05E8-425A-AEBF-89CC2358762E}.Debug|x86.Build.0 = Debug|Win32
		{7F87903C-05E8-425A-AEBF-89CC2358762E}.Release|ARM.ActiveCfg = Release|x64
		{7F87903C-05E8-425A-AEBF-89CC2358762E}.Release|ARM.Build.0 = Release|x64
		{7F87903C-05E8-425A-AEBF-89CC2358762E}.Release|ARM64.ActiveCfg = Release|x64
		{7F87903C-05E8-425A-AEBF-89CC2358762E}.Release|ARM64.Build.0 = Release|x64
		{7F87903C-05E8-425A-AEBF-89CC2358762E}.Release|x64.ActiveCfg = Release|x64
		{7F87903C-05E8-425A-AEBF-89CC2358762E}.Release|x64.Build.0 = Release|x64
		{7F87903C-05E8-425A-AEBF-89CC2358762E}.Release|x86.ActiveCfg = Release|Win32
		{7F87903C-05E8-425A-AEBF-89CC2358762E}.Release|x86.Build.0 = Release|Win32
		{143BF762-5330-4195-B96E-9D9AF8B6FADD}.Debug|ARM.ActiveCfg = Debug|ARM
		{143BF762-5330-4195-B96E-9D9AF8B6FADD}.Debug|ARM.Build.0 = Debug|ARM
		{143BF762-5330-4195-B96E-9D9AF8B6FADD}.Debug|ARM64.ActiveCfg = Debug|ARM64
		{143BF762-5330-4195-B96E-9D9AF8B6FADD}.Debug|ARM64.Build.0 = Debug|ARM64
		{143BF762-5330-4195-B96E-9D9AF8B6FADD}.Debug|x64.ActiveCfg = Debug|x64
		{143BF762-5330-4195-B96E-9D9AF8B6FADD}.Debug|x64.Build.0 = Debug|x64
		{143BF762-5330-4195-B96E-9D9AF8B6FADD}.Debug|x86.ActiveCfg = Debug|x86
		{143BF762-5330-4195-B96E-9D9AF8B6FADD}.Debug|x86.Build.0 = Debug|x86
		{143BF762-5330-4195-B96E-9D9AF8B6FADD}.Release|ARM.ActiveCfg = Release|ARM
		{143BF762-5330-4195-B96E-9D9AF8B6FADD}.Release|ARM.Build.0 = Release|ARM
		{143BF762-5330-4195-B96E-9D9AF8B6FADD}.Release|ARM64.ActiveCfg = Release|ARM64
		{143BF762-5330-4195-B96E-9D9AF8B6FADD}.Release|ARM64.Build.0 = Release|ARM64
		{143BF762-5330-4195-B96E-9D9AF8B6FADD}.Release|x64.ActiveCfg = Release|x64
		{143BF762-5330-4195-B96E-9D9AF8B6FADD}.Release|x64.Build.0 = Release|x64
		{143BF762-5330-4195-B96E-9D9AF8B6FADD}.Release|x86.ActiveCfg = Release|x86
		{143BF762-5330-4195-B96E-9D9AF8B6FADD}.Release|x86.Build.0 = Release|x86
		{32F8CDCC-E9B5-453F-89BF-BD35D104E7FE}.Debug|ARM.ActiveCfg = Debug|ARM
		{32F8CDCC-E9B5-453F-89BF-BD35D104E7FE}.Debug|ARM.Build.0 = Debug|ARM
		{32F8CDCC-E9B5-453F-89BF-BD35D104E7FE}.Debug|ARM.Deploy.0 = Debug|ARM
		{32F8CDCC-E9B5-453F-89BF-BD35D104E7FE}.Debug|ARM64.ActiveCfg = Debug|ARM64
		{32F8CDCC-E9B5-453F-89BF-BD35D104E7FE}.Debug|ARM64.Build.0 = Debug|ARM64
		{32F8CDCC-E9B5-453F-89BF-BD35D104E7FE}.Debug|ARM64.Deploy.0 = Debug|ARM64
		{32F8CDCC-E9B5-453F-89BF-BD35D104E7FE}.Debug|x64.ActiveCfg = Debug|x64
		{32F8CDCC-E9B5-453F-89BF-BD35D104E7FE}.Debug|x64.Build.0 = Debug|x64
		{32F8CDCC-E9B5-453F-89BF-BD35D104E7FE}.Debug|x64.Deploy.0 = Debug|x64
		{32F8CDCC-E9B5-453F-89BF-BD35D104E7FE}.Debug|x86.ActiveCfg = Debug|x86
		{32F8CDCC-E9B5-453F-89BF-BD35D104E7FE}.Debug|x86.Build.0 = Debug|x86
		{32F8CDCC-E9B5-453F-89BF-BD35D104E7FE}.Debug|x86.Deploy.0 = Debug|x86
		{32F8CDCC-E9B5-453F-89BF-BD35D104E7FE}.Release|ARM.ActiveCfg = Release|ARM
		{32F8CDCC-E9B5-453F-89BF-BD35D104E7FE}.Release|ARM.Build.0 = Release|ARM
		{32F8CDCC-E9B5-453F-89BF-BD35D104E7FE}.Release|ARM.Deploy.0 = Release|ARM
		{32F8CDCC-E9B5-453F-89BF-BD35D104E7FE}.Release|ARM64.ActiveCfg = Release|ARM64
		{32F8CDCC-E9B5-453F-89BF-BD35D104E7FE}.Release|ARM64.Build.0 = Release|ARM64
		{32F8CDCC-E9B5-453F-89BF-BD35D104E7FE}.Release|ARM64.Deploy.0 = Release|ARM64
		{32F8CDCC-E9B5-453F-89BF-BD35D104E7FE}.Release|x64.ActiveCfg = Release|x64
		{32F8CDCC-E9B5-453F-89BF-BD35D104E7FE}.Release|x64.Build.0 = Release|x64
		{32F8CDCC-E9B5-453F-89BF-BD35D104E7FE}.Release|x64.Deploy.0 = Release|x64
		{32F8CDCC-E9B5-453F-89BF-BD35D104E7FE}.Release|x86.ActiveCfg = Release|x86
		{32F8CDCC-E9B5-453F-89BF-BD35D104E7FE}.Release|x86.Build.0 = Release|x86
		{32F8CDCC-E9B5-453F-89BF-BD35D104E7FE}.Release|x86.Deploy.0 = Release|x86
	EndGlobalSection
	GlobalSection(SolutionProperties) = preSolution
		HideSolutionNode = FALSE
	EndGlobalSection
	GlobalSection(ExtensibilityGlobals) = postSolution
		SolutionGuid = {9ED74C50-6422-4036-9E36-7DD57597A0FD}
	EndGlobalSection
	GlobalSection(SharedMSBuildProjectFiles) = preSolution
		ModelPrimitiveTest.Shared\ModelPrimitiveTest.Shared.vcxitems*{143bf762-5330-4195-b96e-9d9af8b6fadd}*SharedItemsImports = 4
		ModelPrimitiveTest.Shared\ModelPrimitiveTest.Shared.vcxitems*{7f87903c-05e8-425a-aebf-89cc2358762e}*SharedItemsImports = 4
		ModelPrimitiveTest.Shared\ModelPrimitiveTest.Shared.vcxitems*{e03888d5-6fdb-4adb-bf9b-8e4f61904632}*SharedItemsImports = 9
	EndGlobalSection
EndGlobal
