
Microsoft Visual Studio Solution File, Format Version 12.00
# Visual Studio Version 17
VisualStudioVersion = 17.1.32414.318
MinimumVisualStudioVersion = 10.0.40219.1
Project("{2150E333-8FDC-42A3-9474-1A3956D46DE8}") = "SharedSource", "SharedSource", "{A9308DE0-35A7-4534-AB4F-6A873B1D5A82}"
EndProject
Project("{8BC9CEB8-8B4A-11D0-8D11-00A0C91BC942}") = "MathLib.Shared", "MathLib\MathLib.Shared\MathLib.Shared.vcxitems", "{2AF3CA53-3295-43C2-9861-559709C3A2F5}"
EndProject
Project("{2150E333-8FDC-42A3-9474-1A3956D46DE8}") = "TargetWin32", "TargetWin32", "{2B40734A-1A8A-434C-8369-C2971DD7DDFD}"
EndProject
Project("{8BC9CEB8-8B4A-11D0-8D11-00A0C91BC942}") = "MathLib.Win32", "MathLib\MathLib.Win32\MathLib.Win32.vcxproj", "{AAAACE27-BB78-4633-B24E-E01578595F9A}"
EndProject
Project("{2150E333-8FDC-42A3-9474-1A3956D46DE8}") = "TargetAndroid", "TargetAndroid", "{824B8E25-5014-4014-9F5B-BFB79B7663F6}"
EndProject
Project("{8BC9CEB8-8B4A-11D0-8D11-00A0C91BC942}") = "MathLib.Android", "MathLib\MathLib.Android\MathLib.Android.vcxproj", "{037415ED-AE0F-4FDF-A93B-8432D15C2A3B}"
EndProject
Project("{8BC9CEB8-8B4A-11D0-8D11-00A0C91BC942}") = "AssetPackage.Shared", "AssetPackage\AssetPackage.Shared\AssetPackage.Shared.vcxitems", "{F25FE410-0680-4285-A5E5-ECFF264F9782}"
EndProject
Project("{8BC9CEB8-8B4A-11D0-8D11-00A0C91BC942}") = "AssetPackage.Win32", "AssetPackage\AssetPackage.Win32\AssetPackage.Win32.vcxproj", "{F29934FC-4C46-4F0A-B85D-A79B282066A0}"
EndProject
Project("{8BC9CEB8-8B4A-11D0-8D11-00A0C91BC942}") = "AssetPackage.Android", "AssetPackage\AssetPackage.Android\AssetPackage.Android.vcxproj", "{756AFB01-5A73-4A8A-B344-27AA022B8373}"
EndProject
Project("{8BC9CEB8-8B4A-11D0-8D11-00A0C91BC942}") = "FileSystem.Shared", "FileSystem\FileSystem.Shared\FileSystem.Shared.vcxitems", "{A81F49EC-4953-4514-816B-03939EF3159B}"
EndProject
Project("{8BC9CEB8-8B4A-11D0-8D11-00A0C91BC942}") = "FileSystem.Win32", "FileSystem\FileSystem.Win32\FileSystem.Win32.vcxproj", "{6187C07D-B630-46AB-B58E-5CBB52726E59}"
EndProject
Project("{8BC9CEB8-8B4A-11D0-8D11-00A0C91BC942}") = "Platforms.Shared", "Platforms\Platforms.Shared\Platforms.Shared.vcxitems", "{9A027EE0-8F3F-43AD-809F-366A8D3E819E}"
EndProject
Project("{8BC9CEB8-8B4A-11D0-8D11-00A0C91BC942}") = "Platforms.Win32", "Platforms\Platforms.Win32\Platforms.Win32.vcxproj", "{B0A6F892-17B5-4BD1-88D1-F26D4FBC0DD4}"
EndProject
Project("{8BC9CEB8-8B4A-11D0-8D11-00A0C91BC942}") = "Platforms.Android", "Platforms\Platforms.Android\Platforms.Android.vcxproj", "{37988168-96C3-4248-AF00-E75F90EA3251}"
EndProject
Project("{8BC9CEB8-8B4A-11D0-8D11-00A0C91BC942}") = "FileSystem.Android", "FileSystem\FileSystem.Android\FileSystem.Android.vcxproj", "{498D030B-0C41-40B9-BBCE-9C00199A92AC}"
EndProject
Project("{8BC9CEB8-8B4A-11D0-8D11-00A0C91BC942}") = "Frameworks.Shared", "Frameworks\Frameworks.Shared\Frameworks.Shared.vcxitems", "{C43002F9-E73E-485D-8110-5B0BF65315A1}"
EndProject
Project("{8BC9CEB8-8B4A-11D0-8D11-00A0C91BC942}") = "Frameworks.Win32", "Frameworks\Frameworks.Win32\Frameworks.Win32.vcxproj", "{C46BE6BF-1F65-4369-98CB-1017DFAA4601}"
EndProject
Project("{8BC9CEB8-8B4A-11D0-8D11-00A0C91BC942}") = "Frameworks.Android", "Frameworks\Frameworks.Android\Frameworks.Android.vcxproj", "{94B70647-BB65-4DEC-A94C-A954447ADF2C}"
EndProject
Project("{8BC9CEB8-8B4A-11D0-8D11-00A0C91BC942}") = "GameEngine.Shared", "GameEngine\GameEngine.Shared\GameEngine.Shared.vcxitems", "{AE11E023-4C66-4109-9C55-FF8BFDD5C779}"
EndProject
Project("{8BC9CEB8-8B4A-11D0-8D11-00A0C91BC942}") = "GraphicKernel.Shared", "GraphicKernel\GraphicKernel.Shared\GraphicKernel.Shared.vcxitems", "{3310EA9A-6391-4A66-B125-A58024AAE9BF}"
EndProject
Project("{8BC9CEB8-8B4A-11D0-8D11-00A0C91BC942}") = "GraphicKernel.Win32", "GraphicKernel\GraphicKernel.Win32\GraphicKernel.Win32.vcxproj", "{632F3771-3A95-4DE7-985F-5D370971E03F}"
EndProject
Project("{8BC9CEB8-8B4A-11D0-8D11-00A0C91BC942}") = "GraphicKernel.Android", "GraphicKernel\GraphicKernel.Android\GraphicKernel.Android.vcxproj", "{0ADEB60D-8FA3-463D-AEB0-2F883A336B43}"
EndProject
Project("{8BC9CEB8-8B4A-11D0-8D11-00A0C91BC942}") = "GraphicAPIDx11.Win32", "GraphicAPIDx11\GraphicAPIDx11.Win32\GraphicAPIDx11.Win32.vcxproj", "{834DC81F-6C64-428F-B806-07C90133346B}"
EndProject
Project("{8BC9CEB8-8B4A-11D0-8D11-00A0C91BC942}") = "Controllers.Shared", "Controllers\Controllers.Shared\Controllers.Shared.vcxitems", "{AA91C76D-7A42-4E1E-8A1D-36AD98F4CB95}"
EndProject
Project("{8BC9CEB8-8B4A-11D0-8D11-00A0C91BC942}") = "Controllers.Win32", "Controllers\Controllers.Win32\Controllers.Win32.vcxproj", "{BB839E19-9C61-4847-A4E3-6629FFC141D9}"
EndProject
Project("{8BC9CEB8-8B4A-11D0-8D11-00A0C91BC942}") = "Controllers.Android", "Controllers\Controllers.Android\Controllers.Android.vcxproj", "{E7495913-DD0C-4473-B0EA-C49436C78086}"
EndProject
Project("{8BC9CEB8-8B4A-11D0-8D11-00A0C91BC942}") = "Application.Win32", "Application\Application.Win32\Application.Win32.vcxproj", "{00E8AC71-C96A-4C06-BE5C-F349499E3DB3}"
EndProject
Project("{8BC9CEB8-8B4A-11D0-8D11-00A0C91BC942}") = "GameEngine.Win32", "GameEngine\GameEngine.Win32\GameEngine.Win32.vcxproj", "{966D9FCE-0E62-421F-8B2A-5BDB786D1179}"
EndProject
Project("{8BC9CEB8-8B4A-11D0-8D11-00A0C91BC942}") = "GameEngine.Android", "GameEngine\GameEngine.Android\GameEngine.Android.vcxproj", "{FE76BB3C-DB78-4FC0-8132-5A144F6A20F5}"
EndProject
Project("{8BC9CEB8-8B4A-11D0-8D11-00A0C91BC942}") = "GraphicAPIEgl.Android", "GraphicAPIEgl\GraphicAPIEgl.Android\GraphicAPIEgl.Android.vcxproj", "{85FEDE3B-728A-4EB7-A243-C4B4FB59D28A}"
EndProject
Project("{8BC9CEB8-8B4A-11D0-8D11-00A0C91BC942}") = "Application.Android", "Application\Application.Android\Application.Android.vcxproj", "{C713C068-A530-456F-BB2E-F1BBFC91C283}"
EndProject
Global
	GlobalSection(SolutionConfigurationPlatforms) = preSolution
		Debug|ARM = Debug|ARM
		Debug|ARM64 = Debug|ARM64
		Debug|x64 = Debug|x64
		Debug|x86 = Debug|x86
		Release|ARM = Release|ARM
		Release|ARM64 = Release|ARM64
		Release|x64 = Release|x64
		Release|x86 = Release|x86
	EndGlobalSection
	GlobalSection(ProjectConfigurationPlatforms) = postSolution
		{AAAACE27-BB78-4633-B24E-E01578595F9A}.Debug|ARM.ActiveCfg = Debug|x64
		{AAAACE27-BB78-4633-B24E-E01578595F9A}.Debug|ARM64.ActiveCfg = Debug|x64
		{AAAACE27-BB78-4633-B24E-E01578595F9A}.Debug|x64.ActiveCfg = Debug|x64
		{AAAACE27-BB78-4633-B24E-E01578595F9A}.Debug|x64.Build.0 = Debug|x64
		{AAAACE27-BB78-4633-B24E-E01578595F9A}.Debug|x86.ActiveCfg = Debug|Win32
		{AAAACE27-BB78-4633-B24E-E01578595F9A}.Debug|x86.Build.0 = Debug|Win32
		{AAAACE27-BB78-4633-B24E-E01578595F9A}.Release|ARM.ActiveCfg = Release|x64
		{AAAACE27-BB78-4633-B24E-E01578595F9A}.Release|ARM.Build.0 = Release|x64
		{AAAACE27-BB78-4633-B24E-E01578595F9A}.Release|ARM64.ActiveCfg = Release|x64
		{AAAACE27-BB78-4633-B24E-E01578595F9A}.Release|ARM64.Build.0 = Release|x64
		{AAAACE27-BB78-4633-B24E-E01578595F9A}.Release|x64.ActiveCfg = Release|x64
		{AAAACE27-BB78-4633-B24E-E01578595F9A}.Release|x64.Build.0 = Release|x64
		{AAAACE27-BB78-4633-B24E-E01578595F9A}.Release|x86.ActiveCfg = Release|Win32
		{AAAACE27-BB78-4633-B24E-E01578595F9A}.Release|x86.Build.0 = Release|Win32
		{037415ED-AE0F-4FDF-A93B-8432D15C2A3B}.Debug|ARM.ActiveCfg = Debug|ARM
		{037415ED-AE0F-4FDF-A93B-8432D15C2A3B}.Debug|ARM.Build.0 = Debug|ARM
		{037415ED-AE0F-4FDF-A93B-8432D15C2A3B}.Debug|ARM64.ActiveCfg = Debug|ARM64
		{037415ED-AE0F-4FDF-A93B-8432D15C2A3B}.Debug|ARM64.Build.0 = Debug|ARM64
		{037415ED-AE0F-4FDF-A93B-8432D15C2A3B}.Debug|x64.ActiveCfg = Debug|x64
		{037415ED-AE0F-4FDF-A93B-8432D15C2A3B}.Debug|x64.Build.0 = Debug|x64
		{037415ED-AE0F-4FDF-A93B-8432D15C2A3B}.Debug|x86.ActiveCfg = Debug|x86
		{037415ED-AE0F-4FDF-A93B-8432D15C2A3B}.Debug|x86.Build.0 = Debug|x86
		{037415ED-AE0F-4FDF-A93B-8432D15C2A3B}.Release|ARM.ActiveCfg = Release|ARM
		{037415ED-AE0F-4FDF-A93B-8432D15C2A3B}.Release|ARM.Build.0 = Release|ARM
		{037415ED-AE0F-4FDF-A93B-8432D15C2A3B}.Release|ARM64.ActiveCfg = Release|ARM64
		{037415ED-AE0F-4FDF-A93B-8432D15C2A3B}.Release|ARM64.Build.0 = Release|ARM64
		{037415ED-AE0F-4FDF-A93B-8432D15C2A3B}.Release|x64.ActiveCfg = Release|x64
		{037415ED-AE0F-4FDF-A93B-8432D15C2A3B}.Release|x64.Build.0 = Release|x64
		{037415ED-AE0F-4FDF-A93B-8432D15C2A3B}.Release|x86.ActiveCfg = Release|x86
		{037415ED-AE0F-4FDF-A93B-8432D15C2A3B}.Release|x86.Build.0 = Release|x86
		{F29934FC-4C46-4F0A-B85D-A79B282066A0}.Debug|ARM.ActiveCfg = Debug|x64
		{F29934FC-4C46-4F0A-B85D-A79B282066A0}.Debug|ARM64.ActiveCfg = Debug|x64
		{F29934FC-4C46-4F0A-B85D-A79B282066A0}.Debug|x64.ActiveCfg = Debug|x64
		{F29934FC-4C46-4F0A-B85D-A79B282066A0}.Debug|x64.Build.0 = Debug|x64
		{F29934FC-4C46-4F0A-B85D-A79B282066A0}.Debug|x86.ActiveCfg = Debug|Win32
		{F29934FC-4C46-4F0A-B85D-A79B282066A0}.Debug|x86.Build.0 = Debug|Win32
		{F29934FC-4C46-4F0A-B85D-A79B282066A0}.Release|ARM.ActiveCfg = Release|x64
		{F29934FC-4C46-4F0A-B85D-A79B282066A0}.Release|ARM.Build.0 = Release|x64
		{F29934FC-4C46-4F0A-B85D-A79B282066A0}.Release|ARM64.ActiveCfg = Release|x64
		{F29934FC-4C46-4F0A-B85D-A79B282066A0}.Release|ARM64.Build.0 = Release|x64
		{F29934FC-4C46-4F0A-B85D-A79B282066A0}.Release|x64.ActiveCfg = Release|x64
		{F29934FC-4C46-4F0A-B85D-A79B282066A0}.Release|x64.Build.0 = Release|x64
		{F29934FC-4C46-4F0A-B85D-A79B282066A0}.Release|x86.ActiveCfg = Release|Win32
		{F29934FC-4C46-4F0A-B85D-A79B282066A0}.Release|x86.Build.0 = Release|Win32
		{756AFB01-5A73-4A8A-B344-27AA022B8373}.Debug|ARM.ActiveCfg = Debug|ARM
		{756AFB01-5A73-4A8A-B344-27AA022B8373}.Debug|ARM.Build.0 = Debug|ARM
		{756AFB01-5A73-4A8A-B344-27AA022B8373}.Debug|ARM64.ActiveCfg = Debug|ARM64
		{756AFB01-5A73-4A8A-B344-27AA022B8373}.Debug|ARM64.Build.0 = Debug|ARM64
		{756AFB01-5A73-4A8A-B344-27AA022B8373}.Debug|x64.ActiveCfg = Debug|x64
		{756AFB01-5A73-4A8A-B344-27AA022B8373}.Debug|x64.Build.0 = Debug|x64
		{756AFB01-5A73-4A8A-B344-27AA022B8373}.Debug|x86.ActiveCfg = Debug|x86
		{756AFB01-5A73-4A8A-B344-27AA022B8373}.Debug|x86.Build.0 = Debug|x86
		{756AFB01-5A73-4A8A-B344-27AA022B8373}.Release|ARM.ActiveCfg = Release|ARM
		{756AFB01-5A73-4A8A-B344-27AA022B8373}.Release|ARM.Build.0 = Release|ARM
		{756AFB01-5A73-4A8A-B344-27AA022B8373}.Release|ARM64.ActiveCfg = Release|ARM64
		{756AFB01-5A73-4A8A-B344-27AA022B8373}.Release|ARM64.Build.0 = Release|ARM64
		{756AFB01-5A73-4A8A-B344-27AA022B8373}.Release|x64.ActiveCfg = Release|x64
		{756AFB01-5A73-4A8A-B344-27AA022B8373}.Release|x64.Build.0 = Release|x64
		{756AFB01-5A73-4A8A-B344-27AA022B8373}.Release|x86.ActiveCfg = Release|x86
		{756AFB01-5A73-4A8A-B344-27AA022B8373}.Release|x86.Build.0 = Release|x86
		{6187C07D-B630-46AB-B58E-5CBB52726E59}.Debug|ARM.ActiveCfg = Debug|x64
		{6187C07D-B630-46AB-B58E-5CBB52726E59}.Debug|ARM64.ActiveCfg = Debug|x64
		{6187C07D-B630-46AB-B58E-5CBB52726E59}.Debug|x64.ActiveCfg = Debug|x64
		{6187C07D-B630-46AB-B58E-5CBB52726E59}.Debug|x64.Build.0 = Debug|x64
		{6187C07D-B630-46AB-B58E-5CBB52726E59}.Debug|x86.ActiveCfg = Debug|Win32
		{6187C07D-B630-46AB-B58E-5CBB52726E59}.Debug|x86.Build.0 = Debug|Win32
		{6187C07D-B630-46AB-B58E-5CBB52726E59}.Release|ARM.ActiveCfg = Release|x64
		{6187C07D-B630-46AB-B58E-5CBB52726E59}.Release|ARM.Build.0 = Release|x64
		{6187C07D-B630-46AB-B58E-5CBB52726E59}.Release|ARM64.ActiveCfg = Release|x64
		{6187C07D-B630-46AB-B58E-5CBB52726E59}.Release|ARM64.Build.0 = Release|x64
		{6187C07D-B630-46AB-B58E-5CBB52726E59}.Release|x64.ActiveCfg = Release|x64
		{6187C07D-B630-46AB-B58E-5CBB52726E59}.Release|x64.Build.0 = Release|x64
		{6187C07D-B630-46AB-B58E-5CBB52726E59}.Release|x86.ActiveCfg = Release|Win32
		{6187C07D-B630-46AB-B58E-5CBB52726E59}.Release|x86.Build.0 = Release|Win32
		{B0A6F892-17B5-4BD1-88D1-F26D4FBC0DD4}.Debug|ARM.ActiveCfg = Debug|x64
		{B0A6F892-17B5-4BD1-88D1-F26D4FBC0DD4}.Debug|ARM64.ActiveCfg = Debug|x64
		{B0A6F892-17B5-4BD1-88D1-F26D4FBC0DD4}.Debug|x64.ActiveCfg = Debug|x64
		{B0A6F892-17B5-4BD1-88D1-F26D4FBC0DD4}.Debug|x64.Build.0 = Debug|x64
		{B0A6F892-17B5-4BD1-88D1-F26D4FBC0DD4}.Debug|x86.ActiveCfg = Debug|Win32
		{B0A6F892-17B5-4BD1-88D1-F26D4FBC0DD4}.Debug|x86.Build.0 = Debug|Win32
		{B0A6F892-17B5-4BD1-88D1-F26D4FBC0DD4}.Release|ARM.ActiveCfg = Release|x64
		{B0A6F892-17B5-4BD1-88D1-F26D4FBC0DD4}.Release|ARM.Build.0 = Release|x64
		{B0A6F892-17B5-4BD1-88D1-F26D4FBC0DD4}.Release|ARM64.ActiveCfg = Release|x64
		{B0A6F892-17B5-4BD1-88D1-F26D4FBC0DD4}.Release|ARM64.Build.0 = Release|x64
		{B0A6F892-17B5-4BD1-88D1-F26D4FBC0DD4}.Release|x64.ActiveCfg = Release|x64
		{B0A6F892-17B5-4BD1-88D1-F26D4FBC0DD4}.Release|x64.Build.0 = Release|x64
		{B0A6F892-17B5-4BD1-88D1-F26D4FBC0DD4}.Release|x86.ActiveCfg = Release|Win32
		{B0A6F892-17B5-4BD1-88D1-F26D4FBC0DD4}.Release|x86.Build.0 = Release|Win32
		{37988168-96C3-4248-AF00-E75F90EA3251}.Debug|ARM.ActiveCfg = Debug|ARM
		{37988168-96C3-4248-AF00-E75F90EA3251}.Debug|ARM.Build.0 = Debug|ARM
		{37988168-96C3-4248-AF00-E75F90EA3251}.Debug|ARM64.ActiveCfg = Debug|ARM64
		{37988168-96C3-4248-AF00-E75F90EA3251}.Debug|ARM64.Build.0 = Debug|ARM64
		{37988168-96C3-4248-AF00-E75F90EA3251}.Debug|x64.ActiveCfg = Debug|x64
		{37988168-96C3-4248-AF00-E75F90EA3251}.Debug|x64.Build.0 = Debug|x64
		{37988168-96C3-4248-AF00-E75F90EA3251}.Debug|x86.ActiveCfg = Debug|x86
		{37988168-96C3-4248-AF00-E75F90EA3251}.Debug|x86.Build.0 = Debug|x86
		{37988168-96C3-4248-AF00-E75F90EA3251}.Release|ARM.ActiveCfg = Release|ARM
		{37988168-96C3-4248-AF00-E75F90EA3251}.Release|ARM.Build.0 = Release|ARM
		{37988168-96C3-4248-AF00-E75F90EA3251}.Release|ARM64.ActiveCfg = Release|ARM64
		{37988168-96C3-4248-AF00-E75F90EA3251}.Release|ARM64.Build.0 = Release|ARM64
		{37988168-96C3-4248-AF00-E75F90EA3251}.Release|x64.ActiveCfg = Release|x64
		{37988168-96C3-4248-AF00-E75F90EA3251}.Release|x64.Build.0 = Release|x64
		{37988168-96C3-4248-AF00-E75F90EA3251}.Release|x86.ActiveCfg = Release|x86
		{37988168-96C3-4248-AF00-E75F90EA3251}.Release|x86.Build.0 = Release|x86
		{498D030B-0C41-40B9-BBCE-9C00199A92AC}.Debug|ARM.ActiveCfg = Debug|ARM
		{498D030B-0C41-40B9-BBCE-9C00199A92AC}.Debug|ARM.Build.0 = Debug|ARM
		{498D030B-0C41-40B9-BBCE-9C00199A92AC}.Debug|ARM64.ActiveCfg = Debug|ARM64
		{498D030B-0C41-40B9-BBCE-9C00199A92AC}.Debug|ARM64.Build.0 = Debug|ARM64
		{498D030B-0C41-40B9-BBCE-9C00199A92AC}.Debug|x64.ActiveCfg = Debug|x64
		{498D030B-0C41-40B9-BBCE-9C00199A92AC}.Debug|x64.Build.0 = Debug|x64
		{498D030B-0C41-40B9-BBCE-9C00199A92AC}.Debug|x86.ActiveCfg = Debug|x86
		{498D030B-0C41-40B9-BBCE-9C00199A92AC}.Debug|x86.Build.0 = Debug|x86
		{498D030B-0C41-40B9-BBCE-9C00199A92AC}.Release|ARM.ActiveCfg = Release|ARM
		{498D030B-0C41-40B9-BBCE-9C00199A92AC}.Release|ARM.Build.0 = Release|ARM
		{498D030B-0C41-40B9-BBCE-9C00199A92AC}.Release|ARM64.ActiveCfg = Release|ARM64
		{498D030B-0C41-40B9-BBCE-9C00199A92AC}.Release|ARM64.Build.0 = Release|ARM64
		{498D030B-0C41-40B9-BBCE-9C00199A92AC}.Release|x64.ActiveCfg = Release|x64
		{498D030B-0C41-40B9-BBCE-9C00199A92AC}.Release|x64.Build.0 = Release|x64
		{498D030B-0C41-40B9-BBCE-9C00199A92AC}.Release|x86.ActiveCfg = Release|x86
		{498D030B-0C41-40B9-BBCE-9C00199A92AC}.Release|x86.Build.0 = Release|x86
		{C46BE6BF-1F65-4369-98CB-1017DFAA4601}.Debug|ARM.ActiveCfg = Debug|x64
		{C46BE6BF-1F65-4369-98CB-1017DFAA4601}.Debug|ARM64.ActiveCfg = Debug|x64
		{C46BE6BF-1F65-4369-98CB-1017DFAA4601}.Debug|x64.ActiveCfg = Debug|x64
		{C46BE6BF-1F65-4369-98CB-1017DFAA4601}.Debug|x64.Build.0 = Debug|x64
		{C46BE6BF-1F65-4369-98CB-1017DFAA4601}.Debug|x86.ActiveCfg = Debug|Win32
		{C46BE6BF-1F65-4369-98CB-1017DFAA4601}.Debug|x86.Build.0 = Debug|Win32
		{C46BE6BF-1F65-4369-98CB-1017DFAA4601}.Release|ARM.ActiveCfg = Release|x64
		{C46BE6BF-1F65-4369-98CB-1017DFAA4601}.Release|ARM.Build.0 = Release|x64
		{C46BE6BF-1F65-4369-98CB-1017DFAA4601}.Release|ARM64.ActiveCfg = Release|x64
		{C46BE6BF-1F65-4369-98CB-1017DFAA4601}.Release|ARM64.Build.0 = Release|x64
		{C46BE6BF-1F65-4369-98CB-1017DFAA4601}.Release|x64.ActiveCfg = Release|x64
		{C46BE6BF-1F65-4369-98CB-1017DFAA4601}.Release|x64.Build.0 = Release|x64
		{C46BE6BF-1F65-4369-98CB-1017DFAA4601}.Release|x86.ActiveCfg = Release|Win32
		{C46BE6BF-1F65-4369-98CB-1017DFAA4601}.Release|x86.Build.0 = Release|Win32
		{94B70647-BB65-4DEC-A94C-A954447ADF2C}.Debug|ARM.ActiveCfg = Debug|ARM
		{94B70647-BB65-4DEC-A94C-A954447ADF2C}.Debug|ARM.Build.0 = Debug|ARM
		{94B70647-BB65-4DEC-A94C-A954447ADF2C}.Debug|ARM64.ActiveCfg = Debug|ARM64
		{94B70647-BB65-4DEC-A94C-A954447ADF2C}.Debug|ARM64.Build.0 = Debug|ARM64
		{94B70647-BB65-4DEC-A94C-A954447ADF2C}.Debug|x64.ActiveCfg = Debug|x64
		{94B70647-BB65-4DEC-A94C-A954447ADF2C}.Debug|x64.Build.0 = Debug|x64
		{94B70647-BB65-4DEC-A94C-A954447ADF2C}.Debug|x86.ActiveCfg = Debug|x86
		{94B70647-BB65-4DEC-A94C-A954447ADF2C}.Debug|x86.Build.0 = Debug|x86
		{94B70647-BB65-4DEC-A94C-A954447ADF2C}.Release|ARM.ActiveCfg = Release|ARM
		{94B70647-BB65-4DEC-A94C-A954447ADF2C}.Release|ARM.Build.0 = Release|ARM
		{94B70647-BB65-4DEC-A94C-A954447ADF2C}.Release|ARM64.ActiveCfg = Release|ARM64
		{94B70647-BB65-4DEC-A94C-A954447ADF2C}.Release|ARM64.Build.0 = Release|ARM64
		{94B70647-BB65-4DEC-A94C-A954447ADF2C}.Release|x64.ActiveCfg = Release|x64
		{94B70647-BB65-4DEC-A94C-A954447ADF2C}.Release|x64.Build.0 = Release|x64
		{94B70647-BB65-4DEC-A94C-A954447ADF2C}.Release|x86.ActiveCfg = Release|x86
		{94B70647-BB65-4DEC-A94C-A954447ADF2C}.Release|x86.Build.0 = Release|x86
		{632F3771-3A95-4DE7-985F-5D370971E03F}.Debug|ARM.ActiveCfg = Debug|x64
		{632F3771-3A95-4DE7-985F-5D370971E03F}.Debug|ARM64.ActiveCfg = Debug|x64
		{632F3771-3A95-4DE7-985F-5D370971E03F}.Debug|x64.ActiveCfg = Debug|x64
		{632F3771-3A95-4DE7-985F-5D370971E03F}.Debug|x64.Build.0 = Debug|x64
		{632F3771-3A95-4DE7-985F-5D370971E03F}.Debug|x86.ActiveCfg = Debug|Win32
		{632F3771-3A95-4DE7-985F-5D370971E03F}.Debug|x86.Build.0 = Debug|Win32
		{632F3771-3A95-4DE7-985F-5D370971E03F}.Release|ARM.ActiveCfg = Release|x64
		{632F3771-3A95-4DE7-985F-5D370971E03F}.Release|ARM.Build.0 = Release|x64
		{632F3771-3A95-4DE7-985F-5D370971E03F}.Release|ARM64.ActiveCfg = Release|x64
		{632F3771-3A95-4DE7-985F-5D370971E03F}.Release|ARM64.Build.0 = Release|x64
		{632F3771-3A95-4DE7-985F-5D370971E03F}.Release|x64.ActiveCfg = Release|x64
		{632F3771-3A95-4DE7-985F-5D370971E03F}.Release|x64.Build.0 = Release|x64
		{632F3771-3A95-4DE7-985F-5D370971E03F}.Release|x86.ActiveCfg = Release|Win32
		{632F3771-3A95-4DE7-985F-5D370971E03F}.Release|x86.Build.0 = Release|Win32
		{0ADEB60D-8FA3-463D-AEB0-2F883A336B43}.Debug|ARM.ActiveCfg = Debug|ARM
		{0ADEB60D-8FA3-463D-AEB0-2F883A336B43}.Debug|ARM.Build.0 = Debug|ARM
		{0ADEB60D-8FA3-463D-AEB0-2F883A336B43}.Debug|ARM64.ActiveCfg = Debug|ARM64
		{0ADEB60D-8FA3-463D-AEB0-2F883A336B43}.Debug|ARM64.Build.0 = Debug|ARM64
		{0ADEB60D-8FA3-463D-AEB0-2F883A336B43}.Debug|x64.ActiveCfg = Debug|x64
		{0ADEB60D-8FA3-463D-AEB0-2F883A336B43}.Debug|x64.Build.0 = Debug|x64
		{0ADEB60D-8FA3-463D-AEB0-2F883A336B43}.Debug|x86.ActiveCfg = Debug|x86
		{0ADEB60D-8FA3-463D-AEB0-2F883A336B43}.Debug|x86.Build.0 = Debug|x86
		{0ADEB60D-8FA3-463D-AEB0-2F883A336B43}.Release|ARM.ActiveCfg = Release|ARM
		{0ADEB60D-8FA3-463D-AEB0-2F883A336B43}.Release|ARM.Build.0 = Release|ARM
		{0ADEB60D-8FA3-463D-AEB0-2F883A336B43}.Release|ARM64.ActiveCfg = Release|ARM64
		{0ADEB60D-8FA3-463D-AEB0-2F883A336B43}.Release|ARM64.Build.0 = Release|ARM64
		{0ADEB60D-8FA3-463D-AEB0-2F883A336B43}.Release|x64.ActiveCfg = Release|x64
		{0ADEB60D-8FA3-463D-AEB0-2F883A336B43}.Release|x64.Build.0 = Release|x64
		{0ADEB60D-8FA3-463D-AEB0-2F883A336B43}.Release|x86.ActiveCfg = Release|x86
		{0ADEB60D-8FA3-463D-AEB0-2F883A336B43}.Release|x86.Build.0 = Release|x86
		{834DC81F-6C64-428F-B806-07C90133346B}.Debug|ARM.ActiveCfg = Debug|x64
		{834DC81F-6C64-428F-B806-07C90133346B}.Debug|ARM64.ActiveCfg = Debug|x64
		{834DC81F-6C64-428F-B806-07C90133346B}.Debug|x64.ActiveCfg = Debug|x64
		{834DC81F-6C64-428F-B806-07C90133346B}.Debug|x64.Build.0 = Debug|x64
		{834DC81F-6C64-428F-B806-07C90133346B}.Debug|x86.ActiveCfg = Debug|Win32
		{834DC81F-6C64-428F-B806-07C90133346B}.Debug|x86.Build.0 = Debug|Win32
		{834DC81F-6C64-428F-B806-07C90133346B}.Release|ARM.ActiveCfg = Release|x64
		{834DC81F-6C64-428F-B806-07C90133346B}.Release|ARM.Build.0 = Release|x64
		{834DC81F-6C64-428F-B806-07C90133346B}.Release|ARM64.ActiveCfg = Release|x64
		{834DC81F-6C64-428F-B806-07C90133346B}.Release|ARM64.Build.0 = Release|x64
		{834DC81F-6C64-428F-B806-07C90133346B}.Release|x64.ActiveCfg = Release|x64
		{834DC81F-6C64-428F-B806-07C90133346B}.Release|x64.Build.0 = Release|x64
		{834DC81F-6C64-428F-B806-07C90133346B}.Release|x86.ActiveCfg = Release|Win32
		{834DC81F-6C64-428F-B806-07C90133346B}.Release|x86.Build.0 = Release|Win32
		{BB839E19-9C61-4847-A4E3-6629FFC141D9}.Debug|ARM.ActiveCfg = Debug|x64
		{BB839E19-9C61-4847-A4E3-6629FFC141D9}.Debug|ARM64.ActiveCfg = Debug|x64
		{BB839E19-9C61-4847-A4E3-6629FFC141D9}.Debug|x64.ActiveCfg = Debug|x64
		{BB839E19-9C61-4847-A4E3-6629FFC141D9}.Debug|x64.Build.0 = Debug|x64
		{BB839E19-9C61-4847-A4E3-6629FFC141D9}.Debug|x86.ActiveCfg = Debug|Win32
		{BB839E19-9C61-4847-A4E3-6629FFC141D9}.Debug|x86.Build.0 = Debug|Win32
		{BB839E19-9C61-4847-A4E3-6629FFC141D9}.Release|ARM.ActiveCfg = Release|x64
		{BB839E19-9C61-4847-A4E3-6629FFC141D9}.Release|ARM.Build.0 = Release|x64
		{BB839E19-9C61-4847-A4E3-6629FFC141D9}.Release|ARM64.ActiveCfg = Release|x64
		{BB839E19-9C61-4847-A4E3-6629FFC141D9}.Release|ARM64.Build.0 = Release|x64
		{BB839E19-9C61-4847-A4E3-6629FFC141D9}.Release|x64.ActiveCfg = Release|x64
		{BB839E19-9C61-4847-A4E3-6629FFC141D9}.Release|x64.Build.0 = Release|x64
		{BB839E19-9C61-4847-A4E3-6629FFC141D9}.Release|x86.ActiveCfg = Release|Win32
		{BB839E19-9C61-4847-A4E3-6629FFC141D9}.Release|x86.Build.0 = Release|Win32
		{E7495913-DD0C-4473-B0EA-C49436C78086}.Debug|ARM.ActiveCfg = Debug|ARM
		{E7495913-DD0C-4473-B0EA-C49436C78086}.Debug|ARM.Build.0 = Debug|ARM
		{E7495913-DD0C-4473-B0EA-C49436C78086}.Debug|ARM64.ActiveCfg = Debug|ARM64
		{E7495913-DD0C-4473-B0EA-C49436C78086}.Debug|ARM64.Build.0 = Debug|ARM64
		{E7495913-DD0C-4473-B0EA-C49436C78086}.Debug|x64.ActiveCfg = Debug|x64
		{E7495913-DD0C-4473-B0EA-C49436C78086}.Debug|x64.Build.0 = Debug|x64
		{E7495913-DD0C-4473-B0EA-C49436C78086}.Debug|x86.ActiveCfg = Debug|x86
		{E7495913-DD0C-4473-B0EA-C49436C78086}.Debug|x86.Build.0 = Debug|x86
		{E7495913-DD0C-4473-B0EA-C49436C78086}.Release|ARM.ActiveCfg = Release|ARM
		{E7495913-DD0C-4473-B0EA-C49436C78086}.Release|ARM.Build.0 = Release|ARM
		{E7495913-DD0C-4473-B0EA-C49436C78086}.Release|ARM64.ActiveCfg = Release|ARM64
		{E7495913-DD0C-4473-B0EA-C49436C78086}.Release|ARM64.Build.0 = Release|ARM64
		{E7495913-DD0C-4473-B0EA-C49436C78086}.Release|x64.ActiveCfg = Release|x64
		{E7495913-DD0C-4473-B0EA-C49436C78086}.Release|x64.Build.0 = Release|x64
		{E7495913-DD0C-4473-B0EA-C49436C78086}.Release|x86.ActiveCfg = Release|x86
		{E7495913-DD0C-4473-B0EA-C49436C78086}.Release|x86.Build.0 = Release|x86
		{00E8AC71-C96A-4C06-BE5C-F349499E3DB3}.Debug|ARM.ActiveCfg = Debug|x64
		{00E8AC71-C96A-4C06-BE5C-F349499E3DB3}.Debug|ARM64.ActiveCfg = Debug|x64
		{00E8AC71-C96A-4C06-BE5C-F349499E3DB3}.Debug|x64.ActiveCfg = Debug|x64
		{00E8AC71-C96A-4C06-BE5C-F349499E3DB3}.Debug|x64.Build.0 = Debug|x64
		{00E8AC71-C96A-4C06-BE5C-F349499E3DB3}.Debug|x86.ActiveCfg = Debug|Win32
		{00E8AC71-C96A-4C06-BE5C-F349499E3DB3}.Debug|x86.Build.0 = Debug|Win32
		{00E8AC71-C96A-4C06-BE5C-F349499E3DB3}.Release|ARM.ActiveCfg = Release|x64
		{00E8AC71-C96A-4C06-BE5C-F349499E3DB3}.Release|ARM.Build.0 = Release|x64
		{00E8AC71-C96A-4C06-BE5C-F349499E3DB3}.Release|ARM64.ActiveCfg = Release|x64
		{00E8AC71-C96A-4C06-BE5C-F349499E3DB3}.Release|ARM64.Build.0 = Release|x64
		{00E8AC71-C96A-4C06-BE5C-F349499E3DB3}.Release|x64.ActiveCfg = Release|x64
		{00E8AC71-C96A-4C06-BE5C-F349499E3DB3}.Release|x64.Build.0 = Release|x64
		{00E8AC71-C96A-4C06-BE5C-F349499E3DB3}.Release|x86.ActiveCfg = Release|Win32
		{00E8AC71-C96A-4C06-BE5C-F349499E3DB3}.Release|x86.Build.0 = Release|Win32
		{966D9FCE-0E62-421F-8B2A-5BDB786D1179}.Debug|ARM.ActiveCfg = Debug|x64
		{966D9FCE-0E62-421F-8B2A-5BDB786D1179}.Debug|ARM.Build.0 = Debug|x64
		{966D9FCE-0E62-421F-8B2A-5BDB786D1179}.Debug|ARM64.ActiveCfg = Debug|x64
		{966D9FCE-0E62-421F-8B2A-5BDB786D1179}.Debug|x64.ActiveCfg = Debug|x64
		{966D9FCE-0E62-421F-8B2A-5BDB786D1179}.Debug|x64.Build.0 = Debug|x64
		{966D9FCE-0E62-421F-8B2A-5BDB786D1179}.Debug|x86.ActiveCfg = Debug|Win32
		{966D9FCE-0E62-421F-8B2A-5BDB786D1179}.Debug|x86.Build.0 = Debug|Win32
		{966D9FCE-0E62-421F-8B2A-5BDB786D1179}.Release|ARM.ActiveCfg = Release|x64
		{966D9FCE-0E62-421F-8B2A-5BDB786D1179}.Release|ARM.Build.0 = Release|x64
		{966D9FCE-0E62-421F-8B2A-5BDB786D1179}.Release|ARM64.ActiveCfg = Release|x64
		{966D9FCE-0E62-421F-8B2A-5BDB786D1179}.Release|ARM64.Build.0 = Release|x64
		{966D9FCE-0E62-421F-8B2A-5BDB786D1179}.Release|x64.ActiveCfg = Release|x64
		{966D9FCE-0E62-421F-8B2A-5BDB786D1179}.Release|x64.Build.0 = Release|x64
		{966D9FCE-0E62-421F-8B2A-5BDB786D1179}.Release|x86.ActiveCfg = Release|Win32
		{966D9FCE-0E62-421F-8B2A-5BDB786D1179}.Release|x86.Build.0 = Release|Win32
		{FE76BB3C-DB78-4FC0-8132-5A144F6A20F5}.Debug|ARM.ActiveCfg = Debug|ARM
		{FE76BB3C-DB78-4FC0-8132-5A144F6A20F5}.Debug|ARM.Build.0 = Debug|ARM
		{FE76BB3C-DB78-4FC0-8132-5A144F6A20F5}.Debug|ARM64.ActiveCfg = Debug|ARM64
		{FE76BB3C-DB78-4FC0-8132-5A144F6A20F5}.Debug|ARM64.Build.0 = Debug|ARM64
		{FE76BB3C-DB78-4FC0-8132-5A144F6A20F5}.Debug|x64.ActiveCfg = Debug|x64
		{FE76BB3C-DB78-4FC0-8132-5A144F6A20F5}.Debug|x64.Build.0 = Debug|x64
		{FE76BB3C-DB78-4FC0-8132-5A144F6A20F5}.Debug|x86.ActiveCfg = Debug|x86
		{FE76BB3C-DB78-4FC0-8132-5A144F6A20F5}.Debug|x86.Build.0 = Debug|x86
		{FE76BB3C-DB78-4FC0-8132-5A144F6A20F5}.Release|ARM.ActiveCfg = Release|ARM
		{FE76BB3C-DB78-4FC0-8132-5A144F6A20F5}.Release|ARM.Build.0 = Release|ARM
		{FE76BB3C-DB78-4FC0-8132-5A144F6A20F5}.Release|ARM64.ActiveCfg = Release|ARM64
		{FE76BB3C-DB78-4FC0-8132-5A144F6A20F5}.Release|ARM64.Build.0 = Release|ARM64
		{FE76BB3C-DB78-4FC0-8132-5A144F6A20F5}.Release|x64.ActiveCfg = Release|x64
		{FE76BB3C-DB78-4FC0-8132-5A144F6A20F5}.Release|x64.Build.0 = Release|x64
		{FE76BB3C-DB78-4FC0-8132-5A144F6A20F5}.Release|x86.ActiveCfg = Release|x86
		{FE76BB3C-DB78-4FC0-8132-5A144F6A20F5}.Release|x86.Build.0 = Release|x86
		{85FEDE3B-728A-4EB7-A243-C4B4FB59D28A}.Debug|ARM.ActiveCfg = Debug|ARM
		{85FEDE3B-728A-4EB7-A243-C4B4FB59D28A}.Debug|ARM.Build.0 = Debug|ARM
		{85FEDE3B-728A-4EB7-A243-C4B4FB59D28A}.Debug|ARM64.ActiveCfg = Debug|ARM64
		{85FEDE3B-728A-4EB7-A243-C4B4FB59D28A}.Debug|ARM64.Build.0 = Debug|ARM64
		{85FEDE3B-728A-4EB7-A243-C4B4FB59D28A}.Debug|x64.ActiveCfg = Debug|x64
		{85FEDE3B-728A-4EB7-A243-C4B4FB59D28A}.Debug|x64.Build.0 = Debug|x64
		{85FEDE3B-728A-4EB7-A243-C4B4FB59D28A}.Debug|x86.ActiveCfg = Debug|x86
		{85FEDE3B-728A-4EB7-A243-C4B4FB59D28A}.Debug|x86.Build.0 = Debug|x86
		{85FEDE3B-728A-4EB7-A243-C4B4FB59D28A}.Release|ARM.ActiveCfg = Release|ARM
		{85FEDE3B-728A-4EB7-A243-C4B4FB59D28A}.Release|ARM.Build.0 = Release|ARM
		{85FEDE3B-728A-4EB7-A243-C4B4FB59D28A}.Release|ARM64.ActiveCfg = Release|ARM64
		{85FEDE3B-728A-4EB7-A243-C4B4FB59D28A}.Release|ARM64.Build.0 = Release|ARM64
		{85FEDE3B-728A-4EB7-A243-C4B4FB59D28A}.Release|x64.ActiveCfg = Release|x64
		{85FEDE3B-728A-4EB7-A243-C4B4FB59D28A}.Release|x64.Build.0 = Release|x64
		{85FEDE3B-728A-4EB7-A243-C4B4FB59D28A}.Release|x86.ActiveCfg = Release|x86
		{85FEDE3B-728A-4EB7-A243-C4B4FB59D28A}.Release|x86.Build.0 = Release|x86
		{C713C068-A530-456F-BB2E-F1BBFC91C283}.Debug|ARM.ActiveCfg = Debug|ARM
		{C713C068-A530-456F-BB2E-F1BBFC91C283}.Debug|ARM.Build.0 = Debug|ARM
		{C713C068-A530-456F-BB2E-F1BBFC91C283}.Debug|ARM64.ActiveCfg = Debug|ARM64
		{C713C068-A530-456F-BB2E-F1BBFC91C283}.Debug|ARM64.Build.0 = Debug|ARM64
		{C713C068-A530-456F-BB2E-F1BBFC91C283}.Debug|x64.ActiveCfg = Debug|x64
		{C713C068-A530-456F-BB2E-F1BBFC91C283}.Debug|x64.Build.0 = Debug|x64
		{C713C068-A530-456F-BB2E-F1BBFC91C283}.Debug|x86.ActiveCfg = Debug|x86
		{C713C068-A530-456F-BB2E-F1BBFC91C283}.Debug|x86.Build.0 = Debug|x86
		{C713C068-A530-456F-BB2E-F1BBFC91C283}.Release|ARM.ActiveCfg = Release|ARM
		{C713C068-A530-456F-BB2E-F1BBFC91C283}.Release|ARM.Build.0 = Release|ARM
		{C713C068-A530-456F-BB2E-F1BBFC91C283}.Release|ARM64.ActiveCfg = Release|ARM64
		{C713C068-A530-456F-BB2E-F1BBFC91C283}.Release|ARM64.Build.0 = Release|ARM64
		{C713C068-A530-456F-BB2E-F1BBFC91C283}.Release|x64.ActiveCfg = Release|x64
		{C713C068-A530-456F-BB2E-F1BBFC91C283}.Release|x64.Build.0 = Release|x64
		{C713C068-A530-456F-BB2E-F1BBFC91C283}.Release|x86.ActiveCfg = Release|x86
		{C713C068-A530-456F-BB2E-F1BBFC91C283}.Release|x86.Build.0 = Release|x86
	EndGlobalSection
	GlobalSection(SolutionProperties) = preSolution
		HideSolutionNode = FALSE
	EndGlobalSection
	GlobalSection(NestedProjects) = preSolution
		{2AF3CA53-3295-43C2-9861-559709C3A2F5} = {A9308DE0-35A7-4534-AB4F-6A873B1D5A82}
		{AAAACE27-BB78-4633-B24E-E01578595F9A} = {2B40734A-1A8A-434C-8369-C2971DD7DDFD}
		{037415ED-AE0F-4FDF-A93B-8432D15C2A3B} = {824B8E25-5014-4014-9F5B-BFB79B7663F6}
		{F25FE410-0680-4285-A5E5-ECFF264F9782} = {A9308DE0-35A7-4534-AB4F-6A873B1D5A82}
		{F29934FC-4C46-4F0A-B85D-A79B282066A0} = {2B40734A-1A8A-434C-8369-C2971DD7DDFD}
		{756AFB01-5A73-4A8A-B344-27AA022B8373} = {824B8E25-5014-4014-9F5B-BFB79B7663F6}
		{A81F49EC-4953-4514-816B-03939EF3159B} = {A9308DE0-35A7-4534-AB4F-6A873B1D5A82}
		{6187C07D-B630-46AB-B58E-5CBB52726E59} = {2B40734A-1A8A-434C-8369-C2971DD7DDFD}
		{9A027EE0-8F3F-43AD-809F-366A8D3E819E} = {A9308DE0-35A7-4534-AB4F-6A873B1D5A82}
		{B0A6F892-17B5-4BD1-88D1-F26D4FBC0DD4} = {2B40734A-1A8A-434C-8369-C2971DD7DDFD}
		{37988168-96C3-4248-AF00-E75F90EA3251} = {824B8E25-5014-4014-9F5B-BFB79B7663F6}
		{498D030B-0C41-40B9-BBCE-9C00199A92AC} = {824B8E25-5014-4014-9F5B-BFB79B7663F6}
		{C43002F9-E73E-485D-8110-5B0BF65315A1} = {A9308DE0-35A7-4534-AB4F-6A873B1D5A82}
		{C46BE6BF-1F65-4369-98CB-1017DFAA4601} = {2B40734A-1A8A-434C-8369-C2971DD7DDFD}
		{94B70647-BB65-4DEC-A94C-A954447ADF2C} = {824B8E25-5014-4014-9F5B-BFB79B7663F6}
		{AE11E023-4C66-4109-9C55-FF8BFDD5C779} = {A9308DE0-35A7-4534-AB4F-6A873B1D5A82}
		{3310EA9A-6391-4A66-B125-A58024AAE9BF} = {A9308DE0-35A7-4534-AB4F-6A873B1D5A82}
		{632F3771-3A95-4DE7-985F-5D370971E03F} = {2B40734A-1A8A-434C-8369-C2971DD7DDFD}
		{0ADEB60D-8FA3-463D-AEB0-2F883A336B43} = {824B8E25-5014-4014-9F5B-BFB79B7663F6}
		{834DC81F-6C64-428F-B806-07C90133346B} = {2B40734A-1A8A-434C-8369-C2971DD7DDFD}
		{AA91C76D-7A42-4E1E-8A1D-36AD98F4CB95} = {A9308DE0-35A7-4534-AB4F-6A873B1D5A82}
		{BB839E19-9C61-4847-A4E3-6629FFC141D9} = {2B40734A-1A8A-434C-8369-C2971DD7DDFD}
		{E7495913-DD0C-4473-B0EA-C49436C78086} = {824B8E25-5014-4014-9F5B-BFB79B7663F6}
		{00E8AC71-C96A-4C06-BE5C-F349499E3DB3} = {2B40734A-1A8A-434C-8369-C2971DD7DDFD}
		{966D9FCE-0E62-421F-8B2A-5BDB786D1179} = {2B40734A-1A8A-434C-8369-C2971DD7DDFD}
		{FE76BB3C-DB78-4FC0-8132-5A144F6A20F5} = {824B8E25-5014-4014-9F5B-BFB79B7663F6}
		{85FEDE3B-728A-4EB7-A243-C4B4FB59D28A} = {824B8E25-5014-4014-9F5B-BFB79B7663F6}
		{C713C068-A530-456F-BB2E-F1BBFC91C283} = {824B8E25-5014-4014-9F5B-BFB79B7663F6}
	EndGlobalSection
	GlobalSection(ExtensibilityGlobals) = postSolution
		SolutionGuid = {BBEB30DE-8D69-441D-A1DA-A2C3B6962EDF}
	EndGlobalSection
	GlobalSection(SharedMSBuildProjectFiles) = preSolution
		MathLib\MathLib.Shared\MathLib.Shared.vcxitems*{037415ed-ae0f-4fdf-a93b-8432d15c2a3b}*SharedItemsImports = 4
		GraphicKernel\GraphicKernel.Shared\GraphicKernel.Shared.vcxitems*{0adeb60d-8fa3-463d-aeb0-2f883a336b43}*SharedItemsImports = 4
		MathLib\MathLib.Shared\MathLib.Shared.vcxitems*{2af3ca53-3295-43c2-9861-559709c3a2f5}*SharedItemsImports = 9
		GraphicKernel\GraphicKernel.Shared\GraphicKernel.Shared.vcxitems*{3310ea9a-6391-4a66-b125-a58024aae9bf}*SharedItemsImports = 9
		Platforms\Platforms.Shared\Platforms.Shared.vcxitems*{37988168-96c3-4248-af00-e75f90ea3251}*SharedItemsImports = 4
		FileSystem\FileSystem.Shared\FileSystem.Shared.vcxitems*{498d030b-0c41-40b9-bbce-9c00199a92ac}*SharedItemsImports = 4
		FileSystem\FileSystem.Shared\FileSystem.Shared.vcxitems*{6187c07d-b630-46ab-b58e-5cbb52726e59}*SharedItemsImports = 4
		GraphicKernel\GraphicKernel.Shared\GraphicKernel.Shared.vcxitems*{632f3771-3a95-4de7-985f-5d370971e03f}*SharedItemsImports = 4
		AssetPackage\AssetPackage.Shared\AssetPackage.Shared.vcxitems*{756afb01-5a73-4a8a-b344-27aa022b8373}*SharedItemsImports = 4
		Frameworks\Frameworks.Shared\Frameworks.Shared.vcxitems*{94b70647-bb65-4dec-a94c-a954447adf2c}*SharedItemsImports = 4
		GameEngine\GameEngine.Shared\GameEngine.Shared.vcxitems*{966d9fce-0e62-421f-8b2a-5bdb786d1179}*SharedItemsImports = 4
		Platforms\Platforms.Shared\Platforms.Shared.vcxitems*{9a027ee0-8f3f-43ad-809f-366a8d3e819e}*SharedItemsImports = 9
		FileSystem\FileSystem.Shared\FileSystem.Shared.vcxitems*{a81f49ec-4953-4514-816b-03939ef3159b}*SharedItemsImports = 9
		Controllers\Controllers.Shared\Controllers.Shared.vcxitems*{aa91c76d-7a42-4e1e-8a1d-36ad98f4cb95}*SharedItemsImports = 9
		MathLib\MathLib.Shared\MathLib.Shared.vcxitems*{aaaace27-bb78-4633-b24e-e01578595f9a}*SharedItemsImports = 4
		GameEngine\GameEngine.Shared\GameEngine.Shared.vcxitems*{ae11e023-4c66-4109-9c55-ff8bfdd5c779}*SharedItemsImports = 9
		Platforms\Platforms.Shared\Platforms.Shared.vcxitems*{b0a6f892-17b5-4bd1-88d1-f26d4fbc0dd4}*SharedItemsImports = 4
		Controllers\Controllers.Shared\Controllers.Shared.vcxitems*{bb839e19-9c61-4847-a4e3-6629ffc141d9}*SharedItemsImports = 4
		Frameworks\Frameworks.Shared\Frameworks.Shared.vcxitems*{c43002f9-e73e-485d-8110-5b0bf65315a1}*SharedItemsImports = 9
		Frameworks\Frameworks.Shared\Frameworks.Shared.vcxitems*{c46be6bf-1f65-4369-98cb-1017dfaa4601}*SharedItemsImports = 4
		Controllers\Controllers.Shared\Controllers.Shared.vcxitems*{e7495913-dd0c-4473-b0ea-c49436c78086}*SharedItemsImports = 4
		AssetPackage\AssetPackage.Shared\AssetPackage.Shared.vcxitems*{f25fe410-0680-4285-a5e5-ecff264f9782}*SharedItemsImports = 9
		AssetPackage\AssetPackage.Shared\AssetPackage.Shared.vcxitems*{f29934fc-4c46-4f0a-b85d-a79b282066a0}*SharedItemsImports = 4
		GameEngine\GameEngine.Shared\GameEngine.Shared.vcxitems*{fe76bb3c-db78-4fc0-8132-5a144f6a20f5}*SharedItemsImports = 4
	EndGlobalSection
EndGlobal
