<?xml version="1.0" encoding="utf-8"?>
<Project ToolsVersion="4.0" xmlns="http://schemas.microsoft.com/developer/msbuild/2003">
  <ItemGroup>
    <Filter Include="GraphicAPI">
      <UniqueIdentifier>{3d4ab2c9-20bc-4f6f-90a4-a8323da1c403}</UniqueIdentifier>
    </Filter>
    <Filter Include="BackSurfaces">
      <UniqueIdentifier>{f835aa8a-765e-44dd-97b3-8713e35ef6ef}</UniqueIdentifier>
    </Filter>
    <Filter Include="Depth Surface">
      <UniqueIdentifier>{8761ea61-83f8-441e-9f31-4faf6ab5716f}</UniqueIdentifier>
    </Filter>
    <Filter Include="Textures">
      <UniqueIdentifier>{f43cd6b6-f9dc-4d6f-a705-d6d0759d939f}</UniqueIdentifier>
    </Filter>
    <Filter Include="Vertex Index Buffer">
      <UniqueIdentifier>{3f39b132-e89d-4ef8-8eba-fd7c881a2ec0}</UniqueIdentifier>
    </Filter>
    <Filter Include="Shaders">
      <UniqueIdentifier>{4f39e0e6-9673-4f98-9beb-f25de02935e0}</UniqueIdentifier>
    </Filter>
  </ItemGroup>
  <ItemGroup>
    <ClInclude Include="..\GraphicAPIEgl.h">
      <Filter>GraphicAPI</Filter>
    </ClInclude>
    <ClInclude Include="pch.h" />
    <ClInclude Include="..\BackSurfaceEgl.h">
      <Filter>BackSurfaces</Filter>
    </ClInclude>
    <ClInclude Include="..\DepthStencilSurfaceEgl.h">
      <Filter>Depth Surface</Filter>
    </ClInclude>
    <ClInclude Include="..\MultiBackSurfaceEgl.h">
      <Filter>BackSurfaces</Filter>
    </ClInclude>
    <ClInclude Include="..\TextureEgl.h">
      <Filter>Textures</Filter>
    </ClInclude>
    <ClInclude Include="..\MultiTextureEgl.h">
      <Filter>Textures</Filter>
    </ClInclude>
    <ClInclude Include="..\VertexBufferEgl.h">
      <Filter>Vertex Index Buffer</Filter>
    </ClInclude>
    <ClInclude Include="..\IndexBufferEgl.h">
      <Filter>Vertex Index Buffer</Filter>
    </ClInclude>
    <ClInclude Include="..\VertexShaderEgl.h">
      <Filter>Shaders</Filter>
    </ClInclude>
  </ItemGroup>
  <ItemGroup>
    <ClCompile Include="..\GraphicAPIEgl.cpp">
      <Filter>GraphicAPI</Filter>
    </ClCompile>
    <ClCompile Include="..\BackSurfaceEgl.cpp">
      <Filter>BackSurfaces</Filter>
    </ClCompile>
    <ClCompile Include="..\DepthStencilSurfaceEgl.cpp">
      <Filter>Depth Surface</Filter>
    </ClCompile>
    <ClCompile Include="..\MultiBackSurfaceEgl.cpp">
      <Filter>BackSurfaces</Filter>
    </ClCompile>
    <ClCompile Include="..\TextureEgl.cpp">
      <Filter>Textures</Filter>
    </ClCompile>
    <ClCompile Include="..\MultiTextureEgl.cpp">
      <Filter>Textures</Filter>
    </ClCompile>
    <ClCompile Include="..\VertexBufferEgl.cpp">
      <Filter>Vertex Index Buffer</Filter>
    </ClCompile>
    <ClCompile Include="..\IndexBufferEgl.cpp">
      <Filter>Vertex Index Buffer</Filter>
    </ClCompile>
    <ClCompile Include="..\VertexShaderEgl.cpp">
      <Filter>Shaders</Filter>
    </ClCompile>
  </ItemGroup>
</Project>