
Microsoft Visual Studio Solution File, Format Version 12.00
# Visual Studio Version 17
VisualStudioVersion = 17.5.33516.290
MinimumVisualStudioVersion = 10.0.40219.1
Project("{8BC9CEB8-8B4A-11D0-8D11-00A0C91BC942}") = "GameCommonTest.Shared", "GameCommonTest.Shared\GameCommonTest.Shared.vcxitems", "{2212D4E4-939A-4FAA-840F-8593D9C9DAA8}"
EndProject
Project("{8BC9CEB8-8B4A-11D0-8D11-00A0C91BC942}") = "GameCommonTest.Win32", "GameCommonTest.Win32\GameCommonTest.Win32.vcxproj", "{B22F5BB8-B9B2-49D3-AD52-942828F96A17}"
EndProject
Global
	GlobalSection(SolutionConfigurationPlatforms) = preSolution
		Debug|x64 = Debug|x64
		Debug|x86 = Debug|x86
		Release|x64 = Release|x64
		Release|x86 = Release|x86
	EndGlobalSection
	GlobalSection(ProjectConfigurationPlatforms) = postSolution
		{B22F5BB8-B9B2-49D3-AD52-942828F96A17}.Debug|x64.ActiveCfg = Debug|x64
		{B22F5BB8-B9B2-49D3-AD52-942828F96A17}.Debug|x64.Build.0 = Debug|x64
		{B22F5BB8-B9B2-49D3-AD52-942828F96A17}.Debug|x86.ActiveCfg = Debug|Win32
		{B22F5BB8-B9B2-49D3-AD52-942828F96A17}.Debug|x86.Build.0 = Debug|Win32
		{B22F5BB8-B9B2-49D3-AD52-942828F96A17}.Release|x64.ActiveCfg = Release|x64
		{B22F5BB8-B9B2-49D3-AD52-942828F96A17}.Release|x64.Build.0 = Release|x64
		{B22F5BB8-B9B2-49D3-AD52-942828F96A17}.Release|x86.ActiveCfg = Release|Win32
		{B22F5BB8-B9B2-49D3-AD52-942828F96A17}.Release|x86.Build.0 = Release|Win32
	EndGlobalSection
	GlobalSection(SolutionProperties) = preSolution
		HideSolutionNode = FALSE
	EndGlobalSection
	GlobalSection(ExtensibilityGlobals) = postSolution
		SolutionGuid = {8EE95D8E-FE34-4893-BF98-96BD179C164A}
	EndGlobalSection
	GlobalSection(SharedMSBuildProjectFiles) = preSolution
		GameCommonTest.Shared\GameCommonTest.Shared.vcxitems*{2212d4e4-939a-4faa-840f-8593d9c9daa8}*SharedItemsImports = 9
		GameCommonTest.Shared\GameCommonTest.Shared.vcxitems*{b22f5bb8-b9b2-49d3-ad52-942828f96a17}*SharedItemsImports = 4
	EndGlobalSection
EndGlobal
